
Microsoft Visual Studio Solution File, Format Version 12.00
# Visual Studio 15
VisualStudioVersion = 15.0.27703.2000
MinimumVisualStudioVersion = 10.0.40219.1
Project("{FAE04EC0-301F-11D3-BF4B-00C04F79EFBC}") = "MF6.API", "MF6.API\MF6.API.csproj", "{A483E6CE-2FC9-44A2-9C11-B95C149872D3}"
EndProject
Project("{2150E333-8FDC-42A3-9474-1A3956D46DE8}") = "Tests", "Tests", "{E7802131-B11A-4BC7-AFDE-E4B721594D9C}"
EndProject
Project("{2150E333-8FDC-42A3-9474-1A3956D46DE8}") = "1. Distributed Services", "1. Distributed Services", "{EADA4ABB-7A62-4F8D-B623-FFA41E0E70EC}"
EndProject
Project("{2150E333-8FDC-42A3-9474-1A3956D46DE8}") = "3. Domain", "3. Domain", "{5F84393D-1A53-4BA1-890B-C7CBDA20E718}"
EndProject
Project("{FAE04EC0-301F-11D3-BF4B-00C04F79EFBC}") = "MF6.Domain", "MF6.Domain\MF6.Domain.csproj", "{7B031AC1-18E9-4AF1-9233-0DCF4CF478D7}"
EndProject
Project("{2150E333-8FDC-42A3-9474-1A3956D46DE8}") = "2. Application", "2. Application", "{5ECF026B-C1F9-412C-A0DA-D9CA6FB46F07}"
EndProject
Project("{2150E333-8FDC-42A3-9474-1A3956D46DE8}") = "4. Infrastructure", "4. Infrastructure", "{5B8D37FA-E135-446F-A100-DAD06140BDDC}"
EndProject
Project("{FAE04EC0-301F-11D3-BF4B-00C04F79EFBC}") = "MF6.Application", "MF6.Application\MF6.Application.csproj", "{B0F81873-951A-4DC4-AE85-AE67E13A857D}"
EndProject
Project("{FAE04EC0-301F-11D3-BF4B-00C04F79EFBC}") = "MF6.Infra", "MF6.Infra\MF6.Infra.csproj", "{7E4EAC47-3CCB-47DB-BB44-E53B6885EF70}"
EndProject
Project("{FAE04EC0-301F-11D3-BF4B-00C04F79EFBC}") = "MF6.Infra.ORM", "MF6.Infra.ORM\MF6.Infra.ORM.csproj", "{31911D05-C7FC-45FD-9346-88700A806A5B}"
EndProject
Project("{FAE04EC0-301F-11D3-BF4B-00C04F79EFBC}") = "MF6.Application.Tests", "MF6.Application.Tests\MF6.Application.Tests.csproj", "{F584C9AD-7393-4046-A588-5CAA1D92C157}"
EndProject
Project("{FAE04EC0-301F-11D3-BF4B-00C04F79EFBC}") = "MF6.Domain.Tests", "MF6.Domain.Tests\MF6.Domain.Tests.csproj", "{6DF7CD0A-D413-4E6A-A245-50B84FF2B874}"
EndProject
Project("{FAE04EC0-301F-11D3-BF4B-00C04F79EFBC}") = "MF6.Infra.ORM.Tests", "MF6.Infra.ORM.Tests\MF6.Infra.ORM.Tests.csproj", "{D2D81AE8-BDF9-46AA-BE78-DB789142C6ED}"
EndProject
Project("{FAE04EC0-301F-11D3-BF4B-00C04F79EFBC}") = "MF6.Common.Tests", "MF6.Common.Tests\MF6.Common.Tests.csproj", "{91DC3A81-639A-4EA6-9163-41B711ECE373}"
EndProject
Project("{FAE04EC0-301F-11D3-BF4B-00C04F79EFBC}") = "MF6.Controller.Tests", "MF6.Controller.Tests\MF6.Controller.Tests.csproj", "{72F0CFCC-369B-4612-AED1-2C41B4FB8C96}"
EndProject
Global
	GlobalSection(SolutionConfigurationPlatforms) = preSolution
		Debug|Any CPU = Debug|Any CPU
		Release|Any CPU = Release|Any CPU
	EndGlobalSection
	GlobalSection(ProjectConfigurationPlatforms) = postSolution
		{A483E6CE-2FC9-44A2-9C11-B95C149872D3}.Debug|Any CPU.ActiveCfg = Debug|Any CPU
		{A483E6CE-2FC9-44A2-9C11-B95C149872D3}.Debug|Any CPU.Build.0 = Debug|Any CPU
		{A483E6CE-2FC9-44A2-9C11-B95C149872D3}.Release|Any CPU.ActiveCfg = Release|Any CPU
		{A483E6CE-2FC9-44A2-9C11-B95C149872D3}.Release|Any CPU.Build.0 = Release|Any CPU
		{7B031AC1-18E9-4AF1-9233-0DCF4CF478D7}.Debug|Any CPU.ActiveCfg = Debug|Any CPU
		{7B031AC1-18E9-4AF1-9233-0DCF4CF478D7}.Debug|Any CPU.Build.0 = Debug|Any CPU
		{7B031AC1-18E9-4AF1-9233-0DCF4CF478D7}.Release|Any CPU.ActiveCfg = Release|Any CPU
		{7B031AC1-18E9-4AF1-9233-0DCF4CF478D7}.Release|Any CPU.Build.0 = Release|Any CPU
		{B0F81873-951A-4DC4-AE85-AE67E13A857D}.Debug|Any CPU.ActiveCfg = Debug|Any CPU
		{B0F81873-951A-4DC4-AE85-AE67E13A857D}.Debug|Any CPU.Build.0 = Debug|Any CPU
		{B0F81873-951A-4DC4-AE85-AE67E13A857D}.Release|Any CPU.ActiveCfg = Release|Any CPU
		{B0F81873-951A-4DC4-AE85-AE67E13A857D}.Release|Any CPU.Build.0 = Release|Any CPU
		{7E4EAC47-3CCB-47DB-BB44-E53B6885EF70}.Debug|Any CPU.ActiveCfg = Debug|Any CPU
		{7E4EAC47-3CCB-47DB-BB44-E53B6885EF70}.Debug|Any CPU.Build.0 = Debug|Any CPU
		{7E4EAC47-3CCB-47DB-BB44-E53B6885EF70}.Release|Any CPU.ActiveCfg = Release|Any CPU
		{7E4EAC47-3CCB-47DB-BB44-E53B6885EF70}.Release|Any CPU.Build.0 = Release|Any CPU
		{31911D05-C7FC-45FD-9346-88700A806A5B}.Debug|Any CPU.ActiveCfg = Debug|Any CPU
		{31911D05-C7FC-45FD-9346-88700A806A5B}.Debug|Any CPU.Build.0 = Debug|Any CPU
		{31911D05-C7FC-45FD-9346-88700A806A5B}.Release|Any CPU.ActiveCfg = Release|Any CPU
		{31911D05-C7FC-45FD-9346-88700A806A5B}.Release|Any CPU.Build.0 = Release|Any CPU
		{F584C9AD-7393-4046-A588-5CAA1D92C157}.Debug|Any CPU.ActiveCfg = Debug|Any CPU
		{F584C9AD-7393-4046-A588-5CAA1D92C157}.Debug|Any CPU.Build.0 = Debug|Any CPU
		{F584C9AD-7393-4046-A588-5CAA1D92C157}.Release|Any CPU.ActiveCfg = Release|Any CPU
		{F584C9AD-7393-4046-A588-5CAA1D92C157}.Release|Any CPU.Build.0 = Release|Any CPU
		{6DF7CD0A-D413-4E6A-A245-50B84FF2B874}.Debug|Any CPU.ActiveCfg = Debug|Any CPU
		{6DF7CD0A-D413-4E6A-A245-50B84FF2B874}.Debug|Any CPU.Build.0 = Debug|Any CPU
		{6DF7CD0A-D413-4E6A-A245-50B84FF2B874}.Release|Any CPU.ActiveCfg = Release|Any CPU
		{6DF7CD0A-D413-4E6A-A245-50B84FF2B874}.Release|Any CPU.Build.0 = Release|Any CPU
		{D2D81AE8-BDF9-46AA-BE78-DB789142C6ED}.Debug|Any CPU.ActiveCfg = Debug|Any CPU
		{D2D81AE8-BDF9-46AA-BE78-DB789142C6ED}.Debug|Any CPU.Build.0 = Debug|Any CPU
		{D2D81AE8-BDF9-46AA-BE78-DB789142C6ED}.Release|Any CPU.ActiveCfg = Release|Any CPU
		{D2D81AE8-BDF9-46AA-BE78-DB789142C6ED}.Release|Any CPU.Build.0 = Release|Any CPU
		{91DC3A81-639A-4EA6-9163-41B711ECE373}.Debug|Any CPU.ActiveCfg = Debug|Any CPU
		{91DC3A81-639A-4EA6-9163-41B711ECE373}.Debug|Any CPU.Build.0 = Debug|Any CPU
		{91DC3A81-639A-4EA6-9163-41B711ECE373}.Release|Any CPU.ActiveCfg = Release|Any CPU
		{91DC3A81-639A-4EA6-9163-41B711ECE373}.Release|Any CPU.Build.0 = Release|Any CPU
		{72F0CFCC-369B-4612-AED1-2C41B4FB8C96}.Debug|Any CPU.ActiveCfg = Debug|Any CPU
		{72F0CFCC-369B-4612-AED1-2C41B4FB8C96}.Debug|Any CPU.Build.0 = Debug|Any CPU
		{72F0CFCC-369B-4612-AED1-2C41B4FB8C96}.Release|Any CPU.ActiveCfg = Release|Any CPU
		{72F0CFCC-369B-4612-AED1-2C41B4FB8C96}.Release|Any CPU.Build.0 = Release|Any CPU
	EndGlobalSection
	GlobalSection(SolutionProperties) = preSolution
		HideSolutionNode = FALSE
	EndGlobalSection
	GlobalSection(NestedProjects) = preSolution
		{A483E6CE-2FC9-44A2-9C11-B95C149872D3} = {EADA4ABB-7A62-4F8D-B623-FFA41E0E70EC}
		{7B031AC1-18E9-4AF1-9233-0DCF4CF478D7} = {5F84393D-1A53-4BA1-890B-C7CBDA20E718}
		{B0F81873-951A-4DC4-AE85-AE67E13A857D} = {5ECF026B-C1F9-412C-A0DA-D9CA6FB46F07}
		{7E4EAC47-3CCB-47DB-BB44-E53B6885EF70} = {5B8D37FA-E135-446F-A100-DAD06140BDDC}
		{31911D05-C7FC-45FD-9346-88700A806A5B} = {5B8D37FA-E135-446F-A100-DAD06140BDDC}
		{F584C9AD-7393-4046-A588-5CAA1D92C157} = {E7802131-B11A-4BC7-AFDE-E4B721594D9C}
		{6DF7CD0A-D413-4E6A-A245-50B84FF2B874} = {E7802131-B11A-4BC7-AFDE-E4B721594D9C}
		{D2D81AE8-BDF9-46AA-BE78-DB789142C6ED} = {E7802131-B11A-4BC7-AFDE-E4B721594D9C}
		{91DC3A81-639A-4EA6-9163-41B711ECE373} = {E7802131-B11A-4BC7-AFDE-E4B721594D9C}
		{72F0CFCC-369B-4612-AED1-2C41B4FB8C96} = {E7802131-B11A-4BC7-AFDE-E4B721594D9C}
	EndGlobalSection
	GlobalSection(ExtensibilityGlobals) = postSolution
		SolutionGuid = {DEA84D04-A870-416C-B99F-F125919D773D}
	EndGlobalSection
EndGlobal
