
Microsoft Visual Studio Solution File, Format Version 12.00
# Visual Studio 15
VisualStudioVersion = 15.0.27428.2043
MinimumVisualStudioVersion = 10.0.40219.1
Project("{FAE04EC0-301F-11D3-BF4B-00C04F79EFBC}") = "IntroToNUnit.Tests", "IntroToNUnit.Tests\IntroToNUnit.Tests.csproj", "{8A1593DF-DB82-4373-83F6-A560D881F5B4}"
EndProject
Project("{FAE04EC0-301F-11D3-BF4B-00C04F79EFBC}") = "IntroToNUnit", "IntroToNUnit\IntroToNUnit.csproj", "{511C036F-E48E-4679-8B78-FE32CD89EBBB}"
EndProject
Global
	GlobalSection(SolutionConfigurationPlatforms) = preSolution
		Debug|Any CPU = Debug|Any CPU
		Release|Any CPU = Release|Any CPU
	EndGlobalSection
	GlobalSection(ProjectConfigurationPlatforms) = postSolution
		{8A1593DF-DB82-4373-83F6-A560D881F5B4}.Debug|Any CPU.ActiveCfg = Debug|Any CPU
		{8A1593DF-DB82-4373-83F6-A560D881F5B4}.Debug|Any CPU.Build.0 = Debug|Any CPU
		{8A1593DF-DB82-4373-83F6-A560D881F5B4}.Release|Any CPU.ActiveCfg = Release|Any CPU
		{8A1593DF-DB82-4373-83F6-A560D881F5B4}.Release|Any CPU.Build.0 = Release|Any CPU
		{511C036F-E48E-4679-8B78-FE32CD89EBBB}.Debug|Any CPU.ActiveCfg = Debug|Any CPU
		{511C036F-E48E-4679-8B78-FE32CD89EBBB}.Debug|Any CPU.Build.0 = Debug|Any CPU
		{511C036F-E48E-4679-8B78-FE32CD89EBBB}.Release|Any CPU.ActiveCfg = Release|Any CPU
		{511C036F-E48E-4679-8B78-FE32CD89EBBB}.Release|Any CPU.Build.0 = Release|Any CPU
	EndGlobalSection
	GlobalSection(SolutionProperties) = preSolution
		HideSolutionNode = FALSE
	EndGlobalSection
	GlobalSection(ExtensibilityGlobals) = postSolution
		SolutionGuid = {05F36275-FC0B-4F05-BB51-4373C39418D3}
	EndGlobalSection
EndGlobal
