
Microsoft Visual Studio Solution File, Format Version 12.00
# Visual Studio 15
VisualStudioVersion = 15.0.26403.7
MinimumVisualStudioVersion = 10.0.40219.1
Project("{FAE04EC0-301F-11D3-BF4B-00C04F79EFBC}") = "GeradorTestes", "GeradorTestes\GeradorTestes.csproj", "{0DB5D914-3A1D-4070-B36F-A2626A03A6C5}"
EndProject
Project("{2150E333-8FDC-42A3-9474-1A3956D46DE8}") = "4.Infra", "4.Infra", "{2A8D9AF1-979C-4C11-9FB9-A527B3E1CFDB}"
EndProject
Project("{FAE04EC0-301F-11D3-BF4B-00C04F79EFBC}") = "GeradorTestes.Infra", "GeradorTestes.Infra\GeradorTestes.Infra.csproj", "{53E0EA92-51AE-4B2B-B1FA-BC2ED79B7E4F}"
EndProject
Project("{2150E333-8FDC-42A3-9474-1A3956D46DE8}") = "3.Dominio", "3.Dominio", "{CE5E2E22-872F-4EF9-9EE3-9A762C31F4C9}"
EndProject
Project("{FAE04EC0-301F-11D3-BF4B-00C04F79EFBC}") = "GeradorTestes.Domain", "GeradorTestes.Domain\GeradorTestes.Domain.csproj", "{05CBD977-E000-4B1B-8A68-0EB518408425}"
EndProject
Project("{2150E333-8FDC-42A3-9474-1A3956D46DE8}") = "1. Apresentação", "1. Apresentação", "{359B1E6A-8755-4EFD-A770-ACC30EB4C186}"
EndProject
Project("{2150E333-8FDC-42A3-9474-1A3956D46DE8}") = "2.Aplicação", "2.Aplicação", "{ACEB4D14-7A96-473A-BFA0-51C18450D848}"
EndProject
Project("{2150E333-8FDC-42A3-9474-1A3956D46DE8}") = "5. Database", "5. Database", "{9A85F84E-366D-461F-A99B-9CB51535779D}"
EndProject
Project("{2150E333-8FDC-42A3-9474-1A3956D46DE8}") = "6. Test", "6. Test", "{AA5FD5DF-60B8-477C-9013-E64872EC0887}"
EndProject
Project("{FAE04EC0-301F-11D3-BF4B-00C04F79EFBC}") = "GeradorTestes.Infra.PDF", "GeradorTeste.Infra.PDF\GeradorTestes.Infra.PDF.csproj", "{9896133B-D12B-4413-BABA-A67E9E5ECED5}"
EndProject
Project("{FAE04EC0-301F-11D3-BF4B-00C04F79EFBC}") = "GeradorTestes.Infra.XML", "GeradorTestes.Infra.XML\GeradorTestes.Infra.XML.csproj", "{AEF14001-D3DC-452E-9206-68FCE0034A0C}"
EndProject
Project("{FAE04EC0-301F-11D3-BF4B-00C04F79EFBC}") = "GeradorTestes.Infra.CSV", "GeradorTestes.Infra.CSV\GeradorTestes.Infra.CSV.csproj", "{BF007648-6487-44B5-AD1C-87D64EB2E785}"
EndProject
Project("{FAE04EC0-301F-11D3-BF4B-00C04F79EFBC}") = "GeradorTestes.Infra.SQL", "GeradorTestes.Infra.SQL\GeradorTestes.Infra.SQL.csproj", "{62E4D2BA-5223-43EE-881B-9D913D7D621B}"
EndProject
Project("{FAE04EC0-301F-11D3-BF4B-00C04F79EFBC}") = "GeradorTestes.Servicos", "GeradorTestes.Servicos\GeradorTestes.Servicos.csproj", "{6A5695A0-1D46-4017-9D1C-2D3D3903C098}"
EndProject
Project("{00D1A9C2-B5F0-4AF3-8072-F6C62B433612}") = "DBGeradorTestes", "DBGeradorTestes\DBGeradorTestes.sqlproj", "{AABA711C-1F51-4DC7-AB68-E2C26B020054}"
EndProject
Project("{FAE04EC0-301F-11D3-BF4B-00C04F79EFBC}") = "UnitTest", "UnitTest\UnitTest.csproj", "{E97D4C4B-CA20-4BAA-B00C-0B8E45879D1B}"
EndProject
Global
	GlobalSection(SolutionConfigurationPlatforms) = preSolution
		Debug|Any CPU = Debug|Any CPU
		Release|Any CPU = Release|Any CPU
	EndGlobalSection
	GlobalSection(ProjectConfigurationPlatforms) = postSolution
		{0DB5D914-3A1D-4070-B36F-A2626A03A6C5}.Debug|Any CPU.ActiveCfg = Debug|Any CPU
		{0DB5D914-3A1D-4070-B36F-A2626A03A6C5}.Debug|Any CPU.Build.0 = Debug|Any CPU
		{0DB5D914-3A1D-4070-B36F-A2626A03A6C5}.Release|Any CPU.ActiveCfg = Release|Any CPU
		{0DB5D914-3A1D-4070-B36F-A2626A03A6C5}.Release|Any CPU.Build.0 = Release|Any CPU
		{53E0EA92-51AE-4B2B-B1FA-BC2ED79B7E4F}.Debug|Any CPU.ActiveCfg = Debug|Any CPU
		{53E0EA92-51AE-4B2B-B1FA-BC2ED79B7E4F}.Debug|Any CPU.Build.0 = Debug|Any CPU
		{53E0EA92-51AE-4B2B-B1FA-BC2ED79B7E4F}.Release|Any CPU.ActiveCfg = Release|Any CPU
		{53E0EA92-51AE-4B2B-B1FA-BC2ED79B7E4F}.Release|Any CPU.Build.0 = Release|Any CPU
		{05CBD977-E000-4B1B-8A68-0EB518408425}.Debug|Any CPU.ActiveCfg = Debug|Any CPU
		{05CBD977-E000-4B1B-8A68-0EB518408425}.Debug|Any CPU.Build.0 = Debug|Any CPU
		{05CBD977-E000-4B1B-8A68-0EB518408425}.Release|Any CPU.ActiveCfg = Release|Any CPU
		{05CBD977-E000-4B1B-8A68-0EB518408425}.Release|Any CPU.Build.0 = Release|Any CPU
		{9896133B-D12B-4413-BABA-A67E9E5ECED5}.Debug|Any CPU.ActiveCfg = Debug|Any CPU
		{9896133B-D12B-4413-BABA-A67E9E5ECED5}.Debug|Any CPU.Build.0 = Debug|Any CPU
		{9896133B-D12B-4413-BABA-A67E9E5ECED5}.Release|Any CPU.ActiveCfg = Release|Any CPU
		{9896133B-D12B-4413-BABA-A67E9E5ECED5}.Release|Any CPU.Build.0 = Release|Any CPU
		{AEF14001-D3DC-452E-9206-68FCE0034A0C}.Debug|Any CPU.ActiveCfg = Debug|Any CPU
		{AEF14001-D3DC-452E-9206-68FCE0034A0C}.Debug|Any CPU.Build.0 = Debug|Any CPU
		{AEF14001-D3DC-452E-9206-68FCE0034A0C}.Release|Any CPU.ActiveCfg = Release|Any CPU
		{AEF14001-D3DC-452E-9206-68FCE0034A0C}.Release|Any CPU.Build.0 = Release|Any CPU
		{BF007648-6487-44B5-AD1C-87D64EB2E785}.Debug|Any CPU.ActiveCfg = Debug|Any CPU
		{BF007648-6487-44B5-AD1C-87D64EB2E785}.Debug|Any CPU.Build.0 = Debug|Any CPU
		{BF007648-6487-44B5-AD1C-87D64EB2E785}.Release|Any CPU.ActiveCfg = Release|Any CPU
		{BF007648-6487-44B5-AD1C-87D64EB2E785}.Release|Any CPU.Build.0 = Release|Any CPU
		{62E4D2BA-5223-43EE-881B-9D913D7D621B}.Debug|Any CPU.ActiveCfg = Debug|Any CPU
		{62E4D2BA-5223-43EE-881B-9D913D7D621B}.Debug|Any CPU.Build.0 = Debug|Any CPU
		{62E4D2BA-5223-43EE-881B-9D913D7D621B}.Release|Any CPU.ActiveCfg = Release|Any CPU
		{62E4D2BA-5223-43EE-881B-9D913D7D621B}.Release|Any CPU.Build.0 = Release|Any CPU
		{6A5695A0-1D46-4017-9D1C-2D3D3903C098}.Debug|Any CPU.ActiveCfg = Debug|Any CPU
		{6A5695A0-1D46-4017-9D1C-2D3D3903C098}.Debug|Any CPU.Build.0 = Debug|Any CPU
		{6A5695A0-1D46-4017-9D1C-2D3D3903C098}.Release|Any CPU.ActiveCfg = Release|Any CPU
		{6A5695A0-1D46-4017-9D1C-2D3D3903C098}.Release|Any CPU.Build.0 = Release|Any CPU
		{AABA711C-1F51-4DC7-AB68-E2C26B020054}.Debug|Any CPU.ActiveCfg = Debug|Any CPU
		{AABA711C-1F51-4DC7-AB68-E2C26B020054}.Debug|Any CPU.Build.0 = Debug|Any CPU
		{AABA711C-1F51-4DC7-AB68-E2C26B020054}.Debug|Any CPU.Deploy.0 = Debug|Any CPU
		{AABA711C-1F51-4DC7-AB68-E2C26B020054}.Release|Any CPU.ActiveCfg = Release|Any CPU
		{AABA711C-1F51-4DC7-AB68-E2C26B020054}.Release|Any CPU.Build.0 = Release|Any CPU
		{AABA711C-1F51-4DC7-AB68-E2C26B020054}.Release|Any CPU.Deploy.0 = Release|Any CPU
		{E97D4C4B-CA20-4BAA-B00C-0B8E45879D1B}.Debug|Any CPU.ActiveCfg = Debug|Any CPU
		{E97D4C4B-CA20-4BAA-B00C-0B8E45879D1B}.Debug|Any CPU.Build.0 = Debug|Any CPU
		{E97D4C4B-CA20-4BAA-B00C-0B8E45879D1B}.Release|Any CPU.ActiveCfg = Release|Any CPU
		{E97D4C4B-CA20-4BAA-B00C-0B8E45879D1B}.Release|Any CPU.Build.0 = Release|Any CPU
	EndGlobalSection
	GlobalSection(SolutionProperties) = preSolution
		HideSolutionNode = FALSE
	EndGlobalSection
	GlobalSection(NestedProjects) = preSolution
		{0DB5D914-3A1D-4070-B36F-A2626A03A6C5} = {359B1E6A-8755-4EFD-A770-ACC30EB4C186}
		{53E0EA92-51AE-4B2B-B1FA-BC2ED79B7E4F} = {2A8D9AF1-979C-4C11-9FB9-A527B3E1CFDB}
		{05CBD977-E000-4B1B-8A68-0EB518408425} = {CE5E2E22-872F-4EF9-9EE3-9A762C31F4C9}
		{9896133B-D12B-4413-BABA-A67E9E5ECED5} = {2A8D9AF1-979C-4C11-9FB9-A527B3E1CFDB}
		{AEF14001-D3DC-452E-9206-68FCE0034A0C} = {2A8D9AF1-979C-4C11-9FB9-A527B3E1CFDB}
		{BF007648-6487-44B5-AD1C-87D64EB2E785} = {2A8D9AF1-979C-4C11-9FB9-A527B3E1CFDB}
		{62E4D2BA-5223-43EE-881B-9D913D7D621B} = {2A8D9AF1-979C-4C11-9FB9-A527B3E1CFDB}
		{6A5695A0-1D46-4017-9D1C-2D3D3903C098} = {ACEB4D14-7A96-473A-BFA0-51C18450D848}
		{AABA711C-1F51-4DC7-AB68-E2C26B020054} = {9A85F84E-366D-461F-A99B-9CB51535779D}
		{E97D4C4B-CA20-4BAA-B00C-0B8E45879D1B} = {AA5FD5DF-60B8-477C-9013-E64872EC0887}
	EndGlobalSection
	GlobalSection(ExtensibilityGlobals) = postSolution
		SolutionGuid = {09DEDD1C-F53F-4DD6-A74B-DA16EFE03008}
	EndGlobalSection
EndGlobal
