
Microsoft Visual Studio Solution File, Format Version 12.00
# Visual Studio 15
VisualStudioVersion = 15.0.26403.7
MinimumVisualStudioVersion = 10.0.40219.1
Project("{2150E333-8FDC-42A3-9474-1A3956D46DE8}") = "1. Apresentação", "1. Apresentação", "{E65BFD1A-5589-45D4-AE58-AC41DC733082}"
EndProject
Project("{2150E333-8FDC-42A3-9474-1A3956D46DE8}") = "2. Aplicação", "2. Aplicação", "{768CC479-F5A6-43A0-843E-FAA5E6677D79}"
EndProject
Project("{2150E333-8FDC-42A3-9474-1A3956D46DE8}") = "3. Domínio", "3. Domínio", "{4C8CC407-F152-453F-8AC6-79FC0BA6D0BF}"
EndProject
Project("{2150E333-8FDC-42A3-9474-1A3956D46DE8}") = "4. Infra", "4. Infra", "{07E54DB8-534F-4BD3-B460-16C74D7D1A5D}"
EndProject
Project("{2150E333-8FDC-42A3-9474-1A3956D46DE8}") = "Database", "Database", "{572D08C7-309C-4D89-B514-5D03591B7671}"
EndProject
Project("{2150E333-8FDC-42A3-9474-1A3956D46DE8}") = "Testes", "Testes", "{E13881B2-6C31-45CC-B2AE-6EC1FBD2137D}"
EndProject
Project("{FAE04EC0-301F-11D3-BF4B-00C04F79EFBC}") = "Projeto-NFe.Aplicacao", "Projeto-NFe.Aplicacao\Projeto-NFe.Aplicacao.csproj", "{E57D76D3-7DAF-446C-B14F-CF1D761A4107}"
EndProject
Project("{FAE04EC0-301F-11D3-BF4B-00C04F79EFBC}") = "Projeto-NFe.Dominio", "Projeto-NFe.Dominio\Projeto-NFe.Dominio.csproj", "{692247E6-86B5-43C5-995E-552C5933594F}"
EndProject
Project("{FAE04EC0-301F-11D3-BF4B-00C04F79EFBC}") = "Projeto-NFe.Infra", "Projeto-NFe.Infra\Projeto-NFe.Infra.csproj", "{6F03B9F2-118F-4A49-84AB-00B588DC882E}"
EndProject
Project("{FAE04EC0-301F-11D3-BF4B-00C04F79EFBC}") = "Projeto-NFe.Dominio.Testes", "Projeto-NFe.Dominio.Testes\Projeto-NFe.Dominio.Testes.csproj", "{B7E31AA0-702D-4CB6-85DA-99882EA15638}"
EndProject
Project("{00D1A9C2-B5F0-4AF3-8072-F6C62B433612}") = "DBProjeto_NFe", "DBProjeto_NFe\DBProjeto_NFe.sqlproj", "{F3BB9DCC-3B72-4AEB-8F3C-A77135CADB16}"
EndProject
Project("{FAE04EC0-301F-11D3-BF4B-00C04F79EFBC}") = "Projeto-NFe.Aplicacao.Testes", "Projeto-NFe.Aplicacao.Testes\Projeto-NFe.Aplicacao.Testes.csproj", "{9AA5FA1C-89B7-4513-99A0-43554B03DBE8}"
EndProject
Project("{FAE04EC0-301F-11D3-BF4B-00C04F79EFBC}") = "Projeto-NFe.Infra.Data.Testes", "Projeto-NFe.Infra.Data.Testes\Projeto-NFe.Infra.Data.Testes.csproj", "{EAA099B9-6CC9-46EC-93F3-F8D1C0128005}"
EndProject
Project("{FAE04EC0-301F-11D3-BF4B-00C04F79EFBC}") = "Projeto-NFe.Infra.Data", "Projeto-NFe.Infra.Data\Projeto-NFe.Infra.Data.csproj", "{74B68884-8999-44F2-BA10-DF39692159F2}"
EndProject
Project("{FAE04EC0-301F-11D3-BF4B-00C04F79EFBC}") = "Projeto-NFe.Infra.Pdf", "Projeto-NFe.Infra.Pdf\Projeto-NFe.Infra.Pdf.csproj", "{D96C571B-9EB3-476E-8848-DE50441C88D9}"
EndProject
Project("{FAE04EC0-301F-11D3-BF4B-00C04F79EFBC}") = "Projeto-NFe.Infra.Xml", "Projeto-NFe.Infra.Xml\Projeto-NFe.Infra.Xml.csproj", "{731D8447-377F-426C-AC9C-A4735F0271A9}"
EndProject
Project("{FAE04EC0-301F-11D3-BF4B-00C04F79EFBC}") = "Projeto-NFe.Comuns.Testes", "Projeto-NFe.Comuns.Testes\Projeto-NFe.Comuns.Testes.csproj", "{96D461C8-B5F0-4986-AE71-53ADFAEB437D}"
EndProject
Project("{FAE04EC0-301F-11D3-BF4B-00C04F79EFBC}") = "Projeto-NFe.Infra.Documentos", "Projeto-NFe.Infra.Documentos\Projeto-NFe.Infra.Documentos.csproj", "{87B10D18-023B-4097-A7DA-85190E786C0F}"
EndProject
Project("{FAE04EC0-301F-11D3-BF4B-00C04F79EFBC}") = "Projeto-NFe.Infra.Pdf.Testes", "Projeto-NFe.Infra.Pdf.Testes\Projeto-NFe.Infra.Pdf.Testes.csproj", "{9636B76A-381B-4FBC-AF8D-15F46A9A5449}"
EndProject
Project("{FAE04EC0-301F-11D3-BF4B-00C04F79EFBC}") = "DanfeSharp", "DanfeSharp\DanfeSharp.csproj", "{3B92AA4E-B2F6-4CB0-83C7-F8DCFCCB22CB}"
EndProject
Project("{2150E333-8FDC-42A3-9474-1A3956D46DE8}") = "Bibliotecas", "Bibliotecas", "{5C8C2C47-8BC1-4585-A489-1165A0993F47}"
EndProject
Project("{FAE04EC0-301F-11D3-BF4B-00C04F79EFBC}") = "Projeto-NFe.Infra.Xml.Testes", "Projeto-NFe.Infra.Xml.Testes\Projeto-NFe.Infra.Xml.Testes.csproj", "{8EF608FC-12AF-4B6D-8244-C5757179AF07}"
EndProject
Project("{FAE04EC0-301F-11D3-BF4B-00C04F79EFBC}") = "Projeto-NFe.Integracao.Testes", "Projeto-NFe.Integracao.Testes\Projeto-NFe.Integracao.Testes.csproj", "{4BD7A793-A98C-4CAF-9106-4A0F2E88D064}"
EndProject
Global
	GlobalSection(SolutionConfigurationPlatforms) = preSolution
		Debug|Any CPU = Debug|Any CPU
		Release|Any CPU = Release|Any CPU
	EndGlobalSection
	GlobalSection(ProjectConfigurationPlatforms) = postSolution
		{E57D76D3-7DAF-446C-B14F-CF1D761A4107}.Debug|Any CPU.ActiveCfg = Debug|Any CPU
		{E57D76D3-7DAF-446C-B14F-CF1D761A4107}.Debug|Any CPU.Build.0 = Debug|Any CPU
		{E57D76D3-7DAF-446C-B14F-CF1D761A4107}.Release|Any CPU.ActiveCfg = Release|Any CPU
		{E57D76D3-7DAF-446C-B14F-CF1D761A4107}.Release|Any CPU.Build.0 = Release|Any CPU
		{692247E6-86B5-43C5-995E-552C5933594F}.Debug|Any CPU.ActiveCfg = Debug|Any CPU
		{692247E6-86B5-43C5-995E-552C5933594F}.Debug|Any CPU.Build.0 = Debug|Any CPU
		{692247E6-86B5-43C5-995E-552C5933594F}.Release|Any CPU.ActiveCfg = Release|Any CPU
		{692247E6-86B5-43C5-995E-552C5933594F}.Release|Any CPU.Build.0 = Release|Any CPU
		{6F03B9F2-118F-4A49-84AB-00B588DC882E}.Debug|Any CPU.ActiveCfg = Debug|Any CPU
		{6F03B9F2-118F-4A49-84AB-00B588DC882E}.Debug|Any CPU.Build.0 = Debug|Any CPU
		{6F03B9F2-118F-4A49-84AB-00B588DC882E}.Release|Any CPU.ActiveCfg = Release|Any CPU
		{6F03B9F2-118F-4A49-84AB-00B588DC882E}.Release|Any CPU.Build.0 = Release|Any CPU
		{B7E31AA0-702D-4CB6-85DA-99882EA15638}.Debug|Any CPU.ActiveCfg = Debug|Any CPU
		{B7E31AA0-702D-4CB6-85DA-99882EA15638}.Debug|Any CPU.Build.0 = Debug|Any CPU
		{B7E31AA0-702D-4CB6-85DA-99882EA15638}.Release|Any CPU.ActiveCfg = Release|Any CPU
		{B7E31AA0-702D-4CB6-85DA-99882EA15638}.Release|Any CPU.Build.0 = Release|Any CPU
		{F3BB9DCC-3B72-4AEB-8F3C-A77135CADB16}.Debug|Any CPU.ActiveCfg = Debug|Any CPU
		{F3BB9DCC-3B72-4AEB-8F3C-A77135CADB16}.Debug|Any CPU.Build.0 = Debug|Any CPU
		{F3BB9DCC-3B72-4AEB-8F3C-A77135CADB16}.Debug|Any CPU.Deploy.0 = Debug|Any CPU
		{F3BB9DCC-3B72-4AEB-8F3C-A77135CADB16}.Release|Any CPU.ActiveCfg = Release|Any CPU
		{F3BB9DCC-3B72-4AEB-8F3C-A77135CADB16}.Release|Any CPU.Build.0 = Release|Any CPU
		{F3BB9DCC-3B72-4AEB-8F3C-A77135CADB16}.Release|Any CPU.Deploy.0 = Release|Any CPU
		{9AA5FA1C-89B7-4513-99A0-43554B03DBE8}.Debug|Any CPU.ActiveCfg = Debug|Any CPU
		{9AA5FA1C-89B7-4513-99A0-43554B03DBE8}.Debug|Any CPU.Build.0 = Debug|Any CPU
		{9AA5FA1C-89B7-4513-99A0-43554B03DBE8}.Release|Any CPU.ActiveCfg = Release|Any CPU
		{9AA5FA1C-89B7-4513-99A0-43554B03DBE8}.Release|Any CPU.Build.0 = Release|Any CPU
		{EAA099B9-6CC9-46EC-93F3-F8D1C0128005}.Debug|Any CPU.ActiveCfg = Debug|Any CPU
		{EAA099B9-6CC9-46EC-93F3-F8D1C0128005}.Debug|Any CPU.Build.0 = Debug|Any CPU
		{EAA099B9-6CC9-46EC-93F3-F8D1C0128005}.Release|Any CPU.ActiveCfg = Release|Any CPU
		{EAA099B9-6CC9-46EC-93F3-F8D1C0128005}.Release|Any CPU.Build.0 = Release|Any CPU
		{74B68884-8999-44F2-BA10-DF39692159F2}.Debug|Any CPU.ActiveCfg = Debug|Any CPU
		{74B68884-8999-44F2-BA10-DF39692159F2}.Debug|Any CPU.Build.0 = Debug|Any CPU
		{74B68884-8999-44F2-BA10-DF39692159F2}.Release|Any CPU.ActiveCfg = Release|Any CPU
		{74B68884-8999-44F2-BA10-DF39692159F2}.Release|Any CPU.Build.0 = Release|Any CPU
		{D96C571B-9EB3-476E-8848-DE50441C88D9}.Debug|Any CPU.ActiveCfg = Debug|Any CPU
		{D96C571B-9EB3-476E-8848-DE50441C88D9}.Debug|Any CPU.Build.0 = Debug|Any CPU
		{D96C571B-9EB3-476E-8848-DE50441C88D9}.Release|Any CPU.ActiveCfg = Release|Any CPU
		{D96C571B-9EB3-476E-8848-DE50441C88D9}.Release|Any CPU.Build.0 = Release|Any CPU
		{731D8447-377F-426C-AC9C-A4735F0271A9}.Debug|Any CPU.ActiveCfg = Debug|Any CPU
		{731D8447-377F-426C-AC9C-A4735F0271A9}.Debug|Any CPU.Build.0 = Debug|Any CPU
		{731D8447-377F-426C-AC9C-A4735F0271A9}.Release|Any CPU.ActiveCfg = Release|Any CPU
		{731D8447-377F-426C-AC9C-A4735F0271A9}.Release|Any CPU.Build.0 = Release|Any CPU
		{96D461C8-B5F0-4986-AE71-53ADFAEB437D}.Debug|Any CPU.ActiveCfg = Debug|Any CPU
		{96D461C8-B5F0-4986-AE71-53ADFAEB437D}.Debug|Any CPU.Build.0 = Debug|Any CPU
		{96D461C8-B5F0-4986-AE71-53ADFAEB437D}.Release|Any CPU.ActiveCfg = Release|Any CPU
		{96D461C8-B5F0-4986-AE71-53ADFAEB437D}.Release|Any CPU.Build.0 = Release|Any CPU
		{87B10D18-023B-4097-A7DA-85190E786C0F}.Debug|Any CPU.ActiveCfg = Debug|Any CPU
		{87B10D18-023B-4097-A7DA-85190E786C0F}.Debug|Any CPU.Build.0 = Debug|Any CPU
		{87B10D18-023B-4097-A7DA-85190E786C0F}.Release|Any CPU.ActiveCfg = Release|Any CPU
		{87B10D18-023B-4097-A7DA-85190E786C0F}.Release|Any CPU.Build.0 = Release|Any CPU
		{9636B76A-381B-4FBC-AF8D-15F46A9A5449}.Debug|Any CPU.ActiveCfg = Debug|Any CPU
		{9636B76A-381B-4FBC-AF8D-15F46A9A5449}.Debug|Any CPU.Build.0 = Debug|Any CPU
		{9636B76A-381B-4FBC-AF8D-15F46A9A5449}.Release|Any CPU.ActiveCfg = Release|Any CPU
		{9636B76A-381B-4FBC-AF8D-15F46A9A5449}.Release|Any CPU.Build.0 = Release|Any CPU
		{3B92AA4E-B2F6-4CB0-83C7-F8DCFCCB22CB}.Debug|Any CPU.ActiveCfg = Debug|Any CPU
		{3B92AA4E-B2F6-4CB0-83C7-F8DCFCCB22CB}.Debug|Any CPU.Build.0 = Debug|Any CPU
		{3B92AA4E-B2F6-4CB0-83C7-F8DCFCCB22CB}.Release|Any CPU.ActiveCfg = Release|Any CPU
		{3B92AA4E-B2F6-4CB0-83C7-F8DCFCCB22CB}.Release|Any CPU.Build.0 = Release|Any CPU
		{8EF608FC-12AF-4B6D-8244-C5757179AF07}.Debug|Any CPU.ActiveCfg = Debug|Any CPU
		{8EF608FC-12AF-4B6D-8244-C5757179AF07}.Debug|Any CPU.Build.0 = Debug|Any CPU
		{8EF608FC-12AF-4B6D-8244-C5757179AF07}.Release|Any CPU.ActiveCfg = Release|Any CPU
		{8EF608FC-12AF-4B6D-8244-C5757179AF07}.Release|Any CPU.Build.0 = Release|Any CPU
		{4BD7A793-A98C-4CAF-9106-4A0F2E88D064}.Debug|Any CPU.ActiveCfg = Debug|Any CPU
		{4BD7A793-A98C-4CAF-9106-4A0F2E88D064}.Debug|Any CPU.Build.0 = Debug|Any CPU
		{4BD7A793-A98C-4CAF-9106-4A0F2E88D064}.Release|Any CPU.ActiveCfg = Release|Any CPU
		{4BD7A793-A98C-4CAF-9106-4A0F2E88D064}.Release|Any CPU.Build.0 = Release|Any CPU
	EndGlobalSection
	GlobalSection(SolutionProperties) = preSolution
		HideSolutionNode = FALSE
	EndGlobalSection
	GlobalSection(NestedProjects) = preSolution
		{E57D76D3-7DAF-446C-B14F-CF1D761A4107} = {768CC479-F5A6-43A0-843E-FAA5E6677D79}
		{692247E6-86B5-43C5-995E-552C5933594F} = {4C8CC407-F152-453F-8AC6-79FC0BA6D0BF}
		{6F03B9F2-118F-4A49-84AB-00B588DC882E} = {07E54DB8-534F-4BD3-B460-16C74D7D1A5D}
		{B7E31AA0-702D-4CB6-85DA-99882EA15638} = {E13881B2-6C31-45CC-B2AE-6EC1FBD2137D}
		{F3BB9DCC-3B72-4AEB-8F3C-A77135CADB16} = {572D08C7-309C-4D89-B514-5D03591B7671}
		{9AA5FA1C-89B7-4513-99A0-43554B03DBE8} = {E13881B2-6C31-45CC-B2AE-6EC1FBD2137D}
		{EAA099B9-6CC9-46EC-93F3-F8D1C0128005} = {E13881B2-6C31-45CC-B2AE-6EC1FBD2137D}
		{74B68884-8999-44F2-BA10-DF39692159F2} = {07E54DB8-534F-4BD3-B460-16C74D7D1A5D}
		{D96C571B-9EB3-476E-8848-DE50441C88D9} = {07E54DB8-534F-4BD3-B460-16C74D7D1A5D}
		{731D8447-377F-426C-AC9C-A4735F0271A9} = {07E54DB8-534F-4BD3-B460-16C74D7D1A5D}
		{96D461C8-B5F0-4986-AE71-53ADFAEB437D} = {E13881B2-6C31-45CC-B2AE-6EC1FBD2137D}
		{87B10D18-023B-4097-A7DA-85190E786C0F} = {07E54DB8-534F-4BD3-B460-16C74D7D1A5D}
		{9636B76A-381B-4FBC-AF8D-15F46A9A5449} = {E13881B2-6C31-45CC-B2AE-6EC1FBD2137D}
		{3B92AA4E-B2F6-4CB0-83C7-F8DCFCCB22CB} = {5C8C2C47-8BC1-4585-A489-1165A0993F47}
		{8EF608FC-12AF-4B6D-8244-C5757179AF07} = {E13881B2-6C31-45CC-B2AE-6EC1FBD2137D}
		{4BD7A793-A98C-4CAF-9106-4A0F2E88D064} = {E13881B2-6C31-45CC-B2AE-6EC1FBD2137D}
	EndGlobalSection
	GlobalSection(ExtensibilityGlobals) = postSolution
		SolutionGuid = {0D768191-2F32-45AF-BD75-0B634025E3E4}
	EndGlobalSection
EndGlobal
