
Microsoft Visual Studio Solution File, Format Version 12.00
# Visual Studio 15
VisualStudioVersion = 15.0.28010.2016
MinimumVisualStudioVersion = 10.0.40219.1
Project("{FAE04EC0-301F-11D3-BF4B-00C04F79EFBC}") = "Arthur.MF7.Domain", "Arthur.MF7.Domain\Arthur.MF7.Domain.csproj", "{07FFC924-5C70-4FDD-9FAA-37B690A69BF7}"
EndProject
Project("{FAE04EC0-301F-11D3-BF4B-00C04F79EFBC}") = "Arthur.MF7.WebAPI", "Arthur.MF7.WebAPI\Arthur.MF7.WebAPI.csproj", "{F7253F07-40AD-4036-BC25-CE095B98D05C}"
EndProject
Project("{FAE04EC0-301F-11D3-BF4B-00C04F79EFBC}") = "Arthur.MF7.Application", "Arthur.MF7.Application\Arthur.MF7.Application.csproj", "{48698C5B-16E2-4DDE-9E91-D0F51EAFDCD0}"
EndProject
Project("{FAE04EC0-301F-11D3-BF4B-00C04F79EFBC}") = "Arthur.MF7.Infra", "Arthur.MF7.Infra\Arthur.MF7.Infra.csproj", "{708ECD23-F24C-4598-81B9-556103E74A4D}"
EndProject
Project("{FAE04EC0-301F-11D3-BF4B-00C04F79EFBC}") = "Arthur.MF7.Infra.ORM", "Arthur.MF7.Infra.ORM\Arthur.MF7.Infra.ORM.csproj", "{9755ECB8-907B-42C8-85F8-EBDF4BEF53DE}"
EndProject
Project("{2150E333-8FDC-42A3-9474-1A3956D46DE8}") = "1. Distributed Services", "1. Distributed Services", "{1127BA15-716A-4C1E-B685-61787BD0EE95}"
EndProject
Project("{2150E333-8FDC-42A3-9474-1A3956D46DE8}") = "2. Application", "2. Application", "{C5FFFC8D-BAFC-4E03-950B-3990B697C1F4}"
EndProject
Project("{2150E333-8FDC-42A3-9474-1A3956D46DE8}") = "3. Domain", "3. Domain", "{94BC1FC9-96B2-4A5C-AF25-6FABD61CB891}"
EndProject
Project("{2150E333-8FDC-42A3-9474-1A3956D46DE8}") = "4. Infraestructure", "4. Infraestructure", "{84CA16A4-EAF4-42D3-96F5-08FAB5E01A4D}"
EndProject
Project("{2150E333-8FDC-42A3-9474-1A3956D46DE8}") = "Tests", "Tests", "{015880B8-3BB5-494F-923F-9EE40BDC6F15}"
EndProject
Project("{FAE04EC0-301F-11D3-BF4B-00C04F79EFBC}") = "Arthur.MF7.Common.Tests", "Arthur.MF7.Common.Tests\Arthur.MF7.Common.Tests.csproj", "{7A9B91F4-B9C6-45A8-8ED7-01D0BC12F657}"
EndProject
Project("{FAE04EC0-301F-11D3-BF4B-00C04F79EFBC}") = "Arthur.MF7.Controllers.Tests", "Arthur.MF7.Controllers.Tests\Arthur.MF7.Controllers.Tests.csproj", "{6A3E708C-FE2A-4286-BEFB-16639ACC7BA6}"
EndProject
Project("{FAE04EC0-301F-11D3-BF4B-00C04F79EFBC}") = "Arthur.MF7.Application.Tests", "Arthur.MF7.Application.Tests\Arthur.MF7.Application.Tests.csproj", "{80574DAA-5AF7-4AD4-95D3-098D51EE2162}"
EndProject
Project("{FAE04EC0-301F-11D3-BF4B-00C04F79EFBC}") = "Arthur.MF7.Domain.Tests", "Arthur.MF7.Domain.Tests\Arthur.MF7.Domain.Tests.csproj", "{1001D0BD-A92F-4CC6-89DD-6128454874E8}"
EndProject
Project("{FAE04EC0-301F-11D3-BF4B-00C04F79EFBC}") = "Arthur.MF7.Infra.ORM.Tests", "Arthur.MF7.Infra.ORM.Tests\Arthur.MF7.Infra.ORM.Tests.csproj", "{70D06836-E3EA-4916-888F-B26814346717}"
EndProject
Global
	GlobalSection(SolutionConfigurationPlatforms) = preSolution
		Debug|Any CPU = Debug|Any CPU
		Release|Any CPU = Release|Any CPU
	EndGlobalSection
	GlobalSection(ProjectConfigurationPlatforms) = postSolution
		{07FFC924-5C70-4FDD-9FAA-37B690A69BF7}.Debug|Any CPU.ActiveCfg = Debug|Any CPU
		{07FFC924-5C70-4FDD-9FAA-37B690A69BF7}.Debug|Any CPU.Build.0 = Debug|Any CPU
		{07FFC924-5C70-4FDD-9FAA-37B690A69BF7}.Release|Any CPU.ActiveCfg = Release|Any CPU
		{07FFC924-5C70-4FDD-9FAA-37B690A69BF7}.Release|Any CPU.Build.0 = Release|Any CPU
		{F7253F07-40AD-4036-BC25-CE095B98D05C}.Debug|Any CPU.ActiveCfg = Debug|Any CPU
		{F7253F07-40AD-4036-BC25-CE095B98D05C}.Debug|Any CPU.Build.0 = Debug|Any CPU
		{F7253F07-40AD-4036-BC25-CE095B98D05C}.Release|Any CPU.ActiveCfg = Release|Any CPU
		{F7253F07-40AD-4036-BC25-CE095B98D05C}.Release|Any CPU.Build.0 = Release|Any CPU
		{48698C5B-16E2-4DDE-9E91-D0F51EAFDCD0}.Debug|Any CPU.ActiveCfg = Debug|Any CPU
		{48698C5B-16E2-4DDE-9E91-D0F51EAFDCD0}.Debug|Any CPU.Build.0 = Debug|Any CPU
		{48698C5B-16E2-4DDE-9E91-D0F51EAFDCD0}.Release|Any CPU.ActiveCfg = Release|Any CPU
		{48698C5B-16E2-4DDE-9E91-D0F51EAFDCD0}.Release|Any CPU.Build.0 = Release|Any CPU
		{708ECD23-F24C-4598-81B9-556103E74A4D}.Debug|Any CPU.ActiveCfg = Debug|Any CPU
		{708ECD23-F24C-4598-81B9-556103E74A4D}.Debug|Any CPU.Build.0 = Debug|Any CPU
		{708ECD23-F24C-4598-81B9-556103E74A4D}.Release|Any CPU.ActiveCfg = Release|Any CPU
		{708ECD23-F24C-4598-81B9-556103E74A4D}.Release|Any CPU.Build.0 = Release|Any CPU
		{9755ECB8-907B-42C8-85F8-EBDF4BEF53DE}.Debug|Any CPU.ActiveCfg = Debug|Any CPU
		{9755ECB8-907B-42C8-85F8-EBDF4BEF53DE}.Debug|Any CPU.Build.0 = Debug|Any CPU
		{9755ECB8-907B-42C8-85F8-EBDF4BEF53DE}.Release|Any CPU.ActiveCfg = Release|Any CPU
		{9755ECB8-907B-42C8-85F8-EBDF4BEF53DE}.Release|Any CPU.Build.0 = Release|Any CPU
		{7A9B91F4-B9C6-45A8-8ED7-01D0BC12F657}.Debug|Any CPU.ActiveCfg = Debug|Any CPU
		{7A9B91F4-B9C6-45A8-8ED7-01D0BC12F657}.Debug|Any CPU.Build.0 = Debug|Any CPU
		{7A9B91F4-B9C6-45A8-8ED7-01D0BC12F657}.Release|Any CPU.ActiveCfg = Release|Any CPU
		{7A9B91F4-B9C6-45A8-8ED7-01D0BC12F657}.Release|Any CPU.Build.0 = Release|Any CPU
		{6A3E708C-FE2A-4286-BEFB-16639ACC7BA6}.Debug|Any CPU.ActiveCfg = Debug|Any CPU
		{6A3E708C-FE2A-4286-BEFB-16639ACC7BA6}.Debug|Any CPU.Build.0 = Debug|Any CPU
		{6A3E708C-FE2A-4286-BEFB-16639ACC7BA6}.Release|Any CPU.ActiveCfg = Release|Any CPU
		{6A3E708C-FE2A-4286-BEFB-16639ACC7BA6}.Release|Any CPU.Build.0 = Release|Any CPU
		{80574DAA-5AF7-4AD4-95D3-098D51EE2162}.Debug|Any CPU.ActiveCfg = Debug|Any CPU
		{80574DAA-5AF7-4AD4-95D3-098D51EE2162}.Debug|Any CPU.Build.0 = Debug|Any CPU
		{80574DAA-5AF7-4AD4-95D3-098D51EE2162}.Release|Any CPU.ActiveCfg = Release|Any CPU
		{80574DAA-5AF7-4AD4-95D3-098D51EE2162}.Release|Any CPU.Build.0 = Release|Any CPU
		{1001D0BD-A92F-4CC6-89DD-6128454874E8}.Debug|Any CPU.ActiveCfg = Debug|Any CPU
		{1001D0BD-A92F-4CC6-89DD-6128454874E8}.Debug|Any CPU.Build.0 = Debug|Any CPU
		{1001D0BD-A92F-4CC6-89DD-6128454874E8}.Release|Any CPU.ActiveCfg = Release|Any CPU
		{1001D0BD-A92F-4CC6-89DD-6128454874E8}.Release|Any CPU.Build.0 = Release|Any CPU
		{70D06836-E3EA-4916-888F-B26814346717}.Debug|Any CPU.ActiveCfg = Debug|Any CPU
		{70D06836-E3EA-4916-888F-B26814346717}.Debug|Any CPU.Build.0 = Debug|Any CPU
		{70D06836-E3EA-4916-888F-B26814346717}.Release|Any CPU.ActiveCfg = Release|Any CPU
		{70D06836-E3EA-4916-888F-B26814346717}.Release|Any CPU.Build.0 = Release|Any CPU
	EndGlobalSection
	GlobalSection(SolutionProperties) = preSolution
		HideSolutionNode = FALSE
	EndGlobalSection
	GlobalSection(NestedProjects) = preSolution
		{07FFC924-5C70-4FDD-9FAA-37B690A69BF7} = {94BC1FC9-96B2-4A5C-AF25-6FABD61CB891}
		{F7253F07-40AD-4036-BC25-CE095B98D05C} = {1127BA15-716A-4C1E-B685-61787BD0EE95}
		{48698C5B-16E2-4DDE-9E91-D0F51EAFDCD0} = {C5FFFC8D-BAFC-4E03-950B-3990B697C1F4}
		{708ECD23-F24C-4598-81B9-556103E74A4D} = {84CA16A4-EAF4-42D3-96F5-08FAB5E01A4D}
		{9755ECB8-907B-42C8-85F8-EBDF4BEF53DE} = {84CA16A4-EAF4-42D3-96F5-08FAB5E01A4D}
		{7A9B91F4-B9C6-45A8-8ED7-01D0BC12F657} = {015880B8-3BB5-494F-923F-9EE40BDC6F15}
		{6A3E708C-FE2A-4286-BEFB-16639ACC7BA6} = {015880B8-3BB5-494F-923F-9EE40BDC6F15}
		{80574DAA-5AF7-4AD4-95D3-098D51EE2162} = {015880B8-3BB5-494F-923F-9EE40BDC6F15}
		{1001D0BD-A92F-4CC6-89DD-6128454874E8} = {015880B8-3BB5-494F-923F-9EE40BDC6F15}
		{70D06836-E3EA-4916-888F-B26814346717} = {015880B8-3BB5-494F-923F-9EE40BDC6F15}
	EndGlobalSection
	GlobalSection(ExtensibilityGlobals) = postSolution
		SolutionGuid = {FFAD06DA-0891-42BE-9775-DE358ADE2B00}
	EndGlobalSection
EndGlobal
