
Microsoft Visual Studio Solution File, Format Version 12.00
# Visual Studio 15
VisualStudioVersion = 15.0.26403.7
MinimumVisualStudioVersion = 10.0.40219.1
Project("{2150E333-8FDC-42A3-9474-1A3956D46DE8}") = "3. Dominio", "3. Dominio", "{FBED462A-505D-42DF-B522-041956837599}"
EndProject
Project("{FAE04EC0-301F-11D3-BF4B-00C04F79EFBC}") = "ProvaTDD.Dominio", "ProvaTDD.Dominio\ProvaTDD.Dominio.csproj", "{7C3691F1-8124-4FCF-A8A3-4EC156B93535}"
EndProject
Project("{2150E333-8FDC-42A3-9474-1A3956D46DE8}") = "2. Aplicacao", "2. Aplicacao", "{E819F182-95FB-4EE1-9A58-B8BBB9E8A4DD}"
EndProject
Project("{2150E333-8FDC-42A3-9474-1A3956D46DE8}") = "4. Infraestrutura", "4. Infraestrutura", "{4B5F2C85-912F-4DBD-961E-1EDCB9FDE4DB}"
EndProject
Project("{2150E333-8FDC-42A3-9474-1A3956D46DE8}") = "5. Banco de Dados", "5. Banco de Dados", "{E038CD62-D893-4A9B-A484-323A350EB056}"
EndProject
Project("{2150E333-8FDC-42A3-9474-1A3956D46DE8}") = "Testes", "Testes", "{6F2B097F-B028-419B-BB2E-B441AB8A22B7}"
EndProject
Project("{FAE04EC0-301F-11D3-BF4B-00C04F79EFBC}") = "ProvaTDD.Aplicacao", "ProvaTDD.Aplicacao\ProvaTDD.Aplicacao.csproj", "{37FA4592-5D82-44B4-B1DE-181C732E52E4}"
EndProject
Project("{2150E333-8FDC-42A3-9474-1A3956D46DE8}") = "1. Apresentacao", "1. Apresentacao", "{4FAB7AEA-AF39-4AC2-8D75-400C2F386D7A}"
EndProject
Project("{FAE04EC0-301F-11D3-BF4B-00C04F79EFBC}") = "ProvaTDD.Infra", "ProvaTDD.Infra\ProvaTDD.Infra.csproj", "{647F0494-36C2-403C-9333-4F3DAB93E594}"
EndProject
Project("{FAE04EC0-301F-11D3-BF4B-00C04F79EFBC}") = "ProvaTDD.Infra.Data", "ProvaTDD.Infra.Data\ProvaTDD.Infra.Data.csproj", "{C36EA2C5-A25F-45DE-8F49-0E1FC9ECFD09}"
EndProject
Project("{00D1A9C2-B5F0-4AF3-8072-F6C62B433612}") = "ProvaTDD.BancoDeDados", "ProvaTDD.BancoDeDados\ProvaTDD.BancoDeDados.sqlproj", "{43D8FBA9-653A-4CF4-8CC5-196C257C3359}"
EndProject
Project("{FAE04EC0-301F-11D3-BF4B-00C04F79EFBC}") = "ProvaTDD.Aplicacao.Testes", "ProvaTDD.Aplicacao.Testes\ProvaTDD.Aplicacao.Testes.csproj", "{4614F246-B79C-45D7-8E73-5F9D7B5219BC}"
EndProject
Project("{FAE04EC0-301F-11D3-BF4B-00C04F79EFBC}") = "ProvaTDD.Dominio.Testes", "ProvaTDD.Dominio.Testes\ProvaTDD.Dominio.Testes.csproj", "{6FD971DF-A5C4-4059-B38F-1E5B13F93676}"
EndProject
Project("{FAE04EC0-301F-11D3-BF4B-00C04F79EFBC}") = "ProvaTDD.Infra.Testes", "ProvaTDD.Infra.Testes\ProvaTDD.Infra.Testes.csproj", "{4BF86386-ACB0-4774-AECE-60B2A752BE24}"
EndProject
Project("{FAE04EC0-301F-11D3-BF4B-00C04F79EFBC}") = "ProvaTDD.Infra.Data.Testes", "ProvaTDD.Infra.Data.Testes\ProvaTDD.Infra.Data.Testes.csproj", "{2911B2F4-8213-4040-ADEB-AFAF8261205F}"
EndProject
Project("{FAE04EC0-301F-11D3-BF4B-00C04F79EFBC}") = "ProvaTDD.Common.Testes", "ProvaTDD.Common.Testes\ProvaTDD.Common.Testes.csproj", "{65012DA7-D439-4A70-968E-69CFBEAC6BEE}"
EndProject
Global
	GlobalSection(SolutionConfigurationPlatforms) = preSolution
		Debug|Any CPU = Debug|Any CPU
		Release|Any CPU = Release|Any CPU
	EndGlobalSection
	GlobalSection(ProjectConfigurationPlatforms) = postSolution
		{7C3691F1-8124-4FCF-A8A3-4EC156B93535}.Debug|Any CPU.ActiveCfg = Debug|Any CPU
		{7C3691F1-8124-4FCF-A8A3-4EC156B93535}.Debug|Any CPU.Build.0 = Debug|Any CPU
		{7C3691F1-8124-4FCF-A8A3-4EC156B93535}.Release|Any CPU.ActiveCfg = Release|Any CPU
		{7C3691F1-8124-4FCF-A8A3-4EC156B93535}.Release|Any CPU.Build.0 = Release|Any CPU
		{37FA4592-5D82-44B4-B1DE-181C732E52E4}.Debug|Any CPU.ActiveCfg = Debug|Any CPU
		{37FA4592-5D82-44B4-B1DE-181C732E52E4}.Debug|Any CPU.Build.0 = Debug|Any CPU
		{37FA4592-5D82-44B4-B1DE-181C732E52E4}.Release|Any CPU.ActiveCfg = Release|Any CPU
		{37FA4592-5D82-44B4-B1DE-181C732E52E4}.Release|Any CPU.Build.0 = Release|Any CPU
		{647F0494-36C2-403C-9333-4F3DAB93E594}.Debug|Any CPU.ActiveCfg = Debug|Any CPU
		{647F0494-36C2-403C-9333-4F3DAB93E594}.Debug|Any CPU.Build.0 = Debug|Any CPU
		{647F0494-36C2-403C-9333-4F3DAB93E594}.Release|Any CPU.ActiveCfg = Release|Any CPU
		{647F0494-36C2-403C-9333-4F3DAB93E594}.Release|Any CPU.Build.0 = Release|Any CPU
		{C36EA2C5-A25F-45DE-8F49-0E1FC9ECFD09}.Debug|Any CPU.ActiveCfg = Debug|Any CPU
		{C36EA2C5-A25F-45DE-8F49-0E1FC9ECFD09}.Debug|Any CPU.Build.0 = Debug|Any CPU
		{C36EA2C5-A25F-45DE-8F49-0E1FC9ECFD09}.Release|Any CPU.ActiveCfg = Release|Any CPU
		{C36EA2C5-A25F-45DE-8F49-0E1FC9ECFD09}.Release|Any CPU.Build.0 = Release|Any CPU
		{43D8FBA9-653A-4CF4-8CC5-196C257C3359}.Debug|Any CPU.ActiveCfg = Debug|Any CPU
		{43D8FBA9-653A-4CF4-8CC5-196C257C3359}.Debug|Any CPU.Build.0 = Debug|Any CPU
		{43D8FBA9-653A-4CF4-8CC5-196C257C3359}.Debug|Any CPU.Deploy.0 = Debug|Any CPU
		{43D8FBA9-653A-4CF4-8CC5-196C257C3359}.Release|Any CPU.ActiveCfg = Release|Any CPU
		{43D8FBA9-653A-4CF4-8CC5-196C257C3359}.Release|Any CPU.Build.0 = Release|Any CPU
		{43D8FBA9-653A-4CF4-8CC5-196C257C3359}.Release|Any CPU.Deploy.0 = Release|Any CPU
		{4614F246-B79C-45D7-8E73-5F9D7B5219BC}.Debug|Any CPU.ActiveCfg = Debug|Any CPU
		{4614F246-B79C-45D7-8E73-5F9D7B5219BC}.Debug|Any CPU.Build.0 = Debug|Any CPU
		{4614F246-B79C-45D7-8E73-5F9D7B5219BC}.Release|Any CPU.ActiveCfg = Release|Any CPU
		{4614F246-B79C-45D7-8E73-5F9D7B5219BC}.Release|Any CPU.Build.0 = Release|Any CPU
		{6FD971DF-A5C4-4059-B38F-1E5B13F93676}.Debug|Any CPU.ActiveCfg = Debug|Any CPU
		{6FD971DF-A5C4-4059-B38F-1E5B13F93676}.Debug|Any CPU.Build.0 = Debug|Any CPU
		{6FD971DF-A5C4-4059-B38F-1E5B13F93676}.Release|Any CPU.ActiveCfg = Release|Any CPU
		{6FD971DF-A5C4-4059-B38F-1E5B13F93676}.Release|Any CPU.Build.0 = Release|Any CPU
		{4BF86386-ACB0-4774-AECE-60B2A752BE24}.Debug|Any CPU.ActiveCfg = Debug|Any CPU
		{4BF86386-ACB0-4774-AECE-60B2A752BE24}.Debug|Any CPU.Build.0 = Debug|Any CPU
		{4BF86386-ACB0-4774-AECE-60B2A752BE24}.Release|Any CPU.ActiveCfg = Release|Any CPU
		{4BF86386-ACB0-4774-AECE-60B2A752BE24}.Release|Any CPU.Build.0 = Release|Any CPU
		{2911B2F4-8213-4040-ADEB-AFAF8261205F}.Debug|Any CPU.ActiveCfg = Debug|Any CPU
		{2911B2F4-8213-4040-ADEB-AFAF8261205F}.Debug|Any CPU.Build.0 = Debug|Any CPU
		{2911B2F4-8213-4040-ADEB-AFAF8261205F}.Release|Any CPU.ActiveCfg = Release|Any CPU
		{2911B2F4-8213-4040-ADEB-AFAF8261205F}.Release|Any CPU.Build.0 = Release|Any CPU
		{65012DA7-D439-4A70-968E-69CFBEAC6BEE}.Debug|Any CPU.ActiveCfg = Debug|Any CPU
		{65012DA7-D439-4A70-968E-69CFBEAC6BEE}.Debug|Any CPU.Build.0 = Debug|Any CPU
		{65012DA7-D439-4A70-968E-69CFBEAC6BEE}.Release|Any CPU.ActiveCfg = Release|Any CPU
		{65012DA7-D439-4A70-968E-69CFBEAC6BEE}.Release|Any CPU.Build.0 = Release|Any CPU
	EndGlobalSection
	GlobalSection(SolutionProperties) = preSolution
		HideSolutionNode = FALSE
	EndGlobalSection
	GlobalSection(NestedProjects) = preSolution
		{7C3691F1-8124-4FCF-A8A3-4EC156B93535} = {FBED462A-505D-42DF-B522-041956837599}
		{37FA4592-5D82-44B4-B1DE-181C732E52E4} = {E819F182-95FB-4EE1-9A58-B8BBB9E8A4DD}
		{647F0494-36C2-403C-9333-4F3DAB93E594} = {4B5F2C85-912F-4DBD-961E-1EDCB9FDE4DB}
		{C36EA2C5-A25F-45DE-8F49-0E1FC9ECFD09} = {4B5F2C85-912F-4DBD-961E-1EDCB9FDE4DB}
		{43D8FBA9-653A-4CF4-8CC5-196C257C3359} = {E038CD62-D893-4A9B-A484-323A350EB056}
		{4614F246-B79C-45D7-8E73-5F9D7B5219BC} = {6F2B097F-B028-419B-BB2E-B441AB8A22B7}
		{6FD971DF-A5C4-4059-B38F-1E5B13F93676} = {6F2B097F-B028-419B-BB2E-B441AB8A22B7}
		{4BF86386-ACB0-4774-AECE-60B2A752BE24} = {6F2B097F-B028-419B-BB2E-B441AB8A22B7}
		{2911B2F4-8213-4040-ADEB-AFAF8261205F} = {6F2B097F-B028-419B-BB2E-B441AB8A22B7}
		{65012DA7-D439-4A70-968E-69CFBEAC6BEE} = {6F2B097F-B028-419B-BB2E-B441AB8A22B7}
	EndGlobalSection
EndGlobal
