
Microsoft Visual Studio Solution File, Format Version 12.00
# Visual Studio 15
VisualStudioVersion = 15.0.27130.2027
MinimumVisualStudioVersion = 10.0.40219.1
Project("{2150E333-8FDC-42A3-9474-1A3956D46DE8}") = "3 - Application Layer", "3 - Application Layer", "{9AD0C901-1754-4461-9E6C-A2BD185BAD60}"
EndProject
Project("{2150E333-8FDC-42A3-9474-1A3956D46DE8}") = "5 - Infrastructure Layer", "5 - Infrastructure Layer", "{34B7CBD6-FE0A-421B-91C5-63A3CAFE8BA5}"
EndProject
Project("{2150E333-8FDC-42A3-9474-1A3956D46DE8}") = "Tests", "Tests", "{CEE394EE-6524-402E-BAC0-FCCB91ED9254}"
EndProject
Project("{2150E333-8FDC-42A3-9474-1A3956D46DE8}") = "1 - Presentation Layer", "1 - Presentation Layer", "{AE8C25DA-5D2C-483F-8D29-8B01C9896017}"
EndProject
Project("{2150E333-8FDC-42A3-9474-1A3956D46DE8}") = "2 - Distributed Services Layer", "2 - Distributed Services Layer", "{1D66A98D-B03D-4A03-B77A-ADC62E0B18A3}"
EndProject
Project("{FAE04EC0-301F-11D3-BF4B-00C04F79EFBC}") = "NDDTwitter.Infra.Tests", "NDDTwitter.Infra.Tests\NDDTwitter.Infra.Tests.csproj", "{74A899B6-9A26-48E1-AE7E-750C1DEA0FFA}"
EndProject
Project("{2150E333-8FDC-42A3-9474-1A3956D46DE8}") = "4 - Domain", "4 - Domain", "{CDE07129-D2B8-4A00-919B-224A6991E246}"
EndProject
Project("{FAE04EC0-301F-11D3-BF4B-00C04F79EFBC}") = "NDDTwitter.Domain", "NDDTwitter.Domain\NDDTwitter.Domain.csproj", "{16DECBAB-A67A-47AC-AB45-459120D2B0E0}"
EndProject
Project("{FAE04EC0-301F-11D3-BF4B-00C04F79EFBC}") = "NDDTwitter.Domain.Tests", "NDDTwitter.Domain.Tests\NDDTwitter.Domain.Tests.csproj", "{266D92CB-33B6-457F-A5B9-8C0E2D09FD91}"
EndProject
Project("{FAE04EC0-301F-11D3-BF4B-00C04F79EFBC}") = "NDDTwitter.Application", "NDDTwitter.Application\NDDTwitter.Application.csproj", "{1A0F760B-7401-438B-8F40-C2B17AC03A01}"
EndProject
Project("{FAE04EC0-301F-11D3-BF4B-00C04F79EFBC}") = "NDDTwitter.Application.Tests", "NDDTwitter.Application.Tests\NDDTwitter.Application.Tests.csproj", "{37CC3768-EAF5-48F1-A9F5-99CE358D8C90}"
EndProject
Project("{FAE04EC0-301F-11D3-BF4B-00C04F79EFBC}") = "NDDTwitter.Infra.Data.Tests", "NDDTwitter.Infra.Data.Tests\NDDTwitter.Infra.Data.Tests.csproj", "{3675674E-0A2F-4F99-9615-8BFBC14EBE71}"
EndProject
Project("{FAE04EC0-301F-11D3-BF4B-00C04F79EFBC}") = "NDDTwitter.Infra.Data", "NDDTwitter.Infra.Data\NDDTwitter.Infra.Data.csproj", "{83ADBDED-3031-458C-BE84-921E85F1E1DA}"
EndProject
Project("{FAE04EC0-301F-11D3-BF4B-00C04F79EFBC}") = "NDDTwitter.Infra", "NDDTwitter.Infra\NDDTwitter.Infra.csproj", "{081D7AF5-C056-4E60-8618-745EB7F4FB00}"
EndProject
Project("{FAE04EC0-301F-11D3-BF4B-00C04F79EFBC}") = "NDDTwitter.Infra.Twitter", "NDDTwitter.Infra.Twitter\NDDTwitter.Infra.Twitter.csproj", "{C510FC2F-CF3E-4485-A129-E7F24A750EB1}"
EndProject
Project("{FAE04EC0-301F-11D3-BF4B-00C04F79EFBC}") = "NDDTwitter.Infra.Twitter.Tests", "NDDTwitter.Infra.Twitter.Tests\NDDTwitter.Infra.Twitter.Tests.csproj", "{128CF965-5C35-48BE-8495-FADF114D0BE7}"
EndProject
Project("{FAE04EC0-301F-11D3-BF4B-00C04F79EFBC}") = "NDDTwitter.Integration.Tests", "NDDTwitter.Integration.Tests\NDDTwitter.Integration.Tests.csproj", "{69A43D1A-FE47-47C8-A25B-668AED44558F}"
EndProject
Project("{FAE04EC0-301F-11D3-BF4B-00C04F79EFBC}") = "NDDTwitter.Common.Tests", "NDDTwitter.Common.Tests\NDDTwitter.Common.Tests.csproj", "{D0B9FEBF-A50A-46DA-AFDB-5CF1F3091125}"
EndProject
Global
	GlobalSection(SolutionConfigurationPlatforms) = preSolution
		Debug|Any CPU = Debug|Any CPU
		Release|Any CPU = Release|Any CPU
	EndGlobalSection
	GlobalSection(ProjectConfigurationPlatforms) = postSolution
		{74A899B6-9A26-48E1-AE7E-750C1DEA0FFA}.Debug|Any CPU.ActiveCfg = Debug|Any CPU
		{74A899B6-9A26-48E1-AE7E-750C1DEA0FFA}.Debug|Any CPU.Build.0 = Debug|Any CPU
		{74A899B6-9A26-48E1-AE7E-750C1DEA0FFA}.Release|Any CPU.ActiveCfg = Release|Any CPU
		{74A899B6-9A26-48E1-AE7E-750C1DEA0FFA}.Release|Any CPU.Build.0 = Release|Any CPU
		{16DECBAB-A67A-47AC-AB45-459120D2B0E0}.Debug|Any CPU.ActiveCfg = Debug|Any CPU
		{16DECBAB-A67A-47AC-AB45-459120D2B0E0}.Debug|Any CPU.Build.0 = Debug|Any CPU
		{16DECBAB-A67A-47AC-AB45-459120D2B0E0}.Release|Any CPU.ActiveCfg = Release|Any CPU
		{16DECBAB-A67A-47AC-AB45-459120D2B0E0}.Release|Any CPU.Build.0 = Release|Any CPU
		{266D92CB-33B6-457F-A5B9-8C0E2D09FD91}.Debug|Any CPU.ActiveCfg = Debug|Any CPU
		{266D92CB-33B6-457F-A5B9-8C0E2D09FD91}.Debug|Any CPU.Build.0 = Debug|Any CPU
		{266D92CB-33B6-457F-A5B9-8C0E2D09FD91}.Release|Any CPU.ActiveCfg = Release|Any CPU
		{266D92CB-33B6-457F-A5B9-8C0E2D09FD91}.Release|Any CPU.Build.0 = Release|Any CPU
		{1A0F760B-7401-438B-8F40-C2B17AC03A01}.Debug|Any CPU.ActiveCfg = Debug|Any CPU
		{1A0F760B-7401-438B-8F40-C2B17AC03A01}.Debug|Any CPU.Build.0 = Debug|Any CPU
		{1A0F760B-7401-438B-8F40-C2B17AC03A01}.Release|Any CPU.ActiveCfg = Release|Any CPU
		{1A0F760B-7401-438B-8F40-C2B17AC03A01}.Release|Any CPU.Build.0 = Release|Any CPU
		{37CC3768-EAF5-48F1-A9F5-99CE358D8C90}.Debug|Any CPU.ActiveCfg = Debug|Any CPU
		{37CC3768-EAF5-48F1-A9F5-99CE358D8C90}.Debug|Any CPU.Build.0 = Debug|Any CPU
		{37CC3768-EAF5-48F1-A9F5-99CE358D8C90}.Release|Any CPU.ActiveCfg = Release|Any CPU
		{37CC3768-EAF5-48F1-A9F5-99CE358D8C90}.Release|Any CPU.Build.0 = Release|Any CPU
		{3675674E-0A2F-4F99-9615-8BFBC14EBE71}.Debug|Any CPU.ActiveCfg = Debug|Any CPU
		{3675674E-0A2F-4F99-9615-8BFBC14EBE71}.Debug|Any CPU.Build.0 = Debug|Any CPU
		{3675674E-0A2F-4F99-9615-8BFBC14EBE71}.Release|Any CPU.ActiveCfg = Release|Any CPU
		{3675674E-0A2F-4F99-9615-8BFBC14EBE71}.Release|Any CPU.Build.0 = Release|Any CPU
		{83ADBDED-3031-458C-BE84-921E85F1E1DA}.Debug|Any CPU.ActiveCfg = Debug|Any CPU
		{83ADBDED-3031-458C-BE84-921E85F1E1DA}.Debug|Any CPU.Build.0 = Debug|Any CPU
		{83ADBDED-3031-458C-BE84-921E85F1E1DA}.Release|Any CPU.ActiveCfg = Release|Any CPU
		{83ADBDED-3031-458C-BE84-921E85F1E1DA}.Release|Any CPU.Build.0 = Release|Any CPU
		{081D7AF5-C056-4E60-8618-745EB7F4FB00}.Debug|Any CPU.ActiveCfg = Debug|Any CPU
		{081D7AF5-C056-4E60-8618-745EB7F4FB00}.Debug|Any CPU.Build.0 = Debug|Any CPU
		{081D7AF5-C056-4E60-8618-745EB7F4FB00}.Release|Any CPU.ActiveCfg = Release|Any CPU
		{081D7AF5-C056-4E60-8618-745EB7F4FB00}.Release|Any CPU.Build.0 = Release|Any CPU
		{C510FC2F-CF3E-4485-A129-E7F24A750EB1}.Debug|Any CPU.ActiveCfg = Debug|Any CPU
		{C510FC2F-CF3E-4485-A129-E7F24A750EB1}.Debug|Any CPU.Build.0 = Debug|Any CPU
		{C510FC2F-CF3E-4485-A129-E7F24A750EB1}.Release|Any CPU.ActiveCfg = Release|Any CPU
		{C510FC2F-CF3E-4485-A129-E7F24A750EB1}.Release|Any CPU.Build.0 = Release|Any CPU
		{128CF965-5C35-48BE-8495-FADF114D0BE7}.Debug|Any CPU.ActiveCfg = Debug|Any CPU
		{128CF965-5C35-48BE-8495-FADF114D0BE7}.Debug|Any CPU.Build.0 = Debug|Any CPU
		{128CF965-5C35-48BE-8495-FADF114D0BE7}.Release|Any CPU.ActiveCfg = Release|Any CPU
		{128CF965-5C35-48BE-8495-FADF114D0BE7}.Release|Any CPU.Build.0 = Release|Any CPU
		{69A43D1A-FE47-47C8-A25B-668AED44558F}.Debug|Any CPU.ActiveCfg = Debug|Any CPU
		{69A43D1A-FE47-47C8-A25B-668AED44558F}.Debug|Any CPU.Build.0 = Debug|Any CPU
		{69A43D1A-FE47-47C8-A25B-668AED44558F}.Release|Any CPU.ActiveCfg = Release|Any CPU
		{69A43D1A-FE47-47C8-A25B-668AED44558F}.Release|Any CPU.Build.0 = Release|Any CPU
		{D0B9FEBF-A50A-46DA-AFDB-5CF1F3091125}.Debug|Any CPU.ActiveCfg = Debug|Any CPU
		{D0B9FEBF-A50A-46DA-AFDB-5CF1F3091125}.Debug|Any CPU.Build.0 = Debug|Any CPU
		{D0B9FEBF-A50A-46DA-AFDB-5CF1F3091125}.Release|Any CPU.ActiveCfg = Release|Any CPU
		{D0B9FEBF-A50A-46DA-AFDB-5CF1F3091125}.Release|Any CPU.Build.0 = Release|Any CPU
	EndGlobalSection
	GlobalSection(SolutionProperties) = preSolution
		HideSolutionNode = FALSE
	EndGlobalSection
	GlobalSection(NestedProjects) = preSolution
		{74A899B6-9A26-48E1-AE7E-750C1DEA0FFA} = {CEE394EE-6524-402E-BAC0-FCCB91ED9254}
		{16DECBAB-A67A-47AC-AB45-459120D2B0E0} = {CDE07129-D2B8-4A00-919B-224A6991E246}
		{266D92CB-33B6-457F-A5B9-8C0E2D09FD91} = {CEE394EE-6524-402E-BAC0-FCCB91ED9254}
		{1A0F760B-7401-438B-8F40-C2B17AC03A01} = {9AD0C901-1754-4461-9E6C-A2BD185BAD60}
		{37CC3768-EAF5-48F1-A9F5-99CE358D8C90} = {CEE394EE-6524-402E-BAC0-FCCB91ED9254}
		{3675674E-0A2F-4F99-9615-8BFBC14EBE71} = {CEE394EE-6524-402E-BAC0-FCCB91ED9254}
		{83ADBDED-3031-458C-BE84-921E85F1E1DA} = {34B7CBD6-FE0A-421B-91C5-63A3CAFE8BA5}
		{081D7AF5-C056-4E60-8618-745EB7F4FB00} = {34B7CBD6-FE0A-421B-91C5-63A3CAFE8BA5}
		{C510FC2F-CF3E-4485-A129-E7F24A750EB1} = {34B7CBD6-FE0A-421B-91C5-63A3CAFE8BA5}
		{128CF965-5C35-48BE-8495-FADF114D0BE7} = {CEE394EE-6524-402E-BAC0-FCCB91ED9254}
		{69A43D1A-FE47-47C8-A25B-668AED44558F} = {CEE394EE-6524-402E-BAC0-FCCB91ED9254}
		{D0B9FEBF-A50A-46DA-AFDB-5CF1F3091125} = {CEE394EE-6524-402E-BAC0-FCCB91ED9254}
	EndGlobalSection
	GlobalSection(ExtensibilityGlobals) = postSolution
		SolutionGuid = {78D3DC40-A460-4DB8-B3CC-C95AFB127A36}
	EndGlobalSection
EndGlobal
