
Microsoft Visual Studio Solution File, Format Version 12.00
# Visual Studio 15
VisualStudioVersion = 15.0.27130.2036
MinimumVisualStudioVersion = 10.0.40219.1
Project("{FAE04EC0-301F-11D3-BF4B-00C04F79EFBC}") = "BancoConsoleApp", "ConsoleApp1\BancoConsoleApp.csproj", "{553156CB-1DB3-484C-B349-2DFFA6BC71CE}"
EndProject
Project("{2150E333-8FDC-42A3-9474-1A3956D46DE8}") = "Apresentação", "Apresentação", "{18D50CFB-4F19-467D-93BB-9F214227D00C}"
EndProject
Project("{2150E333-8FDC-42A3-9474-1A3956D46DE8}") = "Dominio", "Dominio", "{C5604740-D8C7-4447-BB0E-080865690BD4}"
EndProject
Project("{FAE04EC0-301F-11D3-BF4B-00C04F79EFBC}") = "BancoApp.dominio", "BancoApp.dominio\BancoApp.dominio.csproj", "{C03D3E71-12A6-46BC-BC60-9E3520EEC4B3}"
EndProject
Project("{2150E333-8FDC-42A3-9474-1A3956D46DE8}") = "Infraestrutura", "Infraestrutura", "{4F799F05-CEDB-466C-B2DE-2E61254D85CE}"
EndProject
Project("{FAE04EC0-301F-11D3-BF4B-00C04F79EFBC}") = "BancoApp.Infra.Data", "BancoApp.Infra.Data\BancoApp.Infra.Data.csproj", "{7A29135B-384F-47A5-BC58-7341BA75E8EC}"
EndProject
Project("{FAE04EC0-301F-11D3-BF4B-00C04F79EFBC}") = "BancoWindowsApp1", "BancoWindowsApp1\BancoWindowsApp1.csproj", "{45D1172B-1493-4668-9B53-5968A9C1667F}"
EndProject
Global
	GlobalSection(SolutionConfigurationPlatforms) = preSolution
		Debug|Any CPU = Debug|Any CPU
		Release|Any CPU = Release|Any CPU
	EndGlobalSection
	GlobalSection(ProjectConfigurationPlatforms) = postSolution
		{553156CB-1DB3-484C-B349-2DFFA6BC71CE}.Debug|Any CPU.ActiveCfg = Debug|Any CPU
		{553156CB-1DB3-484C-B349-2DFFA6BC71CE}.Debug|Any CPU.Build.0 = Debug|Any CPU
		{553156CB-1DB3-484C-B349-2DFFA6BC71CE}.Release|Any CPU.ActiveCfg = Release|Any CPU
		{553156CB-1DB3-484C-B349-2DFFA6BC71CE}.Release|Any CPU.Build.0 = Release|Any CPU
		{C03D3E71-12A6-46BC-BC60-9E3520EEC4B3}.Debug|Any CPU.ActiveCfg = Debug|Any CPU
		{C03D3E71-12A6-46BC-BC60-9E3520EEC4B3}.Debug|Any CPU.Build.0 = Debug|Any CPU
		{C03D3E71-12A6-46BC-BC60-9E3520EEC4B3}.Release|Any CPU.ActiveCfg = Release|Any CPU
		{C03D3E71-12A6-46BC-BC60-9E3520EEC4B3}.Release|Any CPU.Build.0 = Release|Any CPU
		{7A29135B-384F-47A5-BC58-7341BA75E8EC}.Debug|Any CPU.ActiveCfg = Debug|Any CPU
		{7A29135B-384F-47A5-BC58-7341BA75E8EC}.Debug|Any CPU.Build.0 = Debug|Any CPU
		{7A29135B-384F-47A5-BC58-7341BA75E8EC}.Release|Any CPU.ActiveCfg = Release|Any CPU
		{7A29135B-384F-47A5-BC58-7341BA75E8EC}.Release|Any CPU.Build.0 = Release|Any CPU
		{45D1172B-1493-4668-9B53-5968A9C1667F}.Debug|Any CPU.ActiveCfg = Debug|Any CPU
		{45D1172B-1493-4668-9B53-5968A9C1667F}.Debug|Any CPU.Build.0 = Debug|Any CPU
		{45D1172B-1493-4668-9B53-5968A9C1667F}.Release|Any CPU.ActiveCfg = Release|Any CPU
		{45D1172B-1493-4668-9B53-5968A9C1667F}.Release|Any CPU.Build.0 = Release|Any CPU
	EndGlobalSection
	GlobalSection(SolutionProperties) = preSolution
		HideSolutionNode = FALSE
	EndGlobalSection
	GlobalSection(NestedProjects) = preSolution
		{553156CB-1DB3-484C-B349-2DFFA6BC71CE} = {18D50CFB-4F19-467D-93BB-9F214227D00C}
		{C03D3E71-12A6-46BC-BC60-9E3520EEC4B3} = {C5604740-D8C7-4447-BB0E-080865690BD4}
		{7A29135B-384F-47A5-BC58-7341BA75E8EC} = {4F799F05-CEDB-466C-B2DE-2E61254D85CE}
		{45D1172B-1493-4668-9B53-5968A9C1667F} = {18D50CFB-4F19-467D-93BB-9F214227D00C}
	EndGlobalSection
	GlobalSection(ExtensibilityGlobals) = postSolution
		SolutionGuid = {2A292C73-702A-44E2-93F5-8CDE1A54AC82}
	EndGlobalSection
EndGlobal
