
Microsoft Visual Studio Solution File, Format Version 12.00
# Visual Studio 15
VisualStudioVersion = 15.0.26403.7
MinimumVisualStudioVersion = 10.0.40219.1
Project("{2150E333-8FDC-42A3-9474-1A3956D46DE8}") = "3. Domain", "3. Domain", "{DBC8C222-BE52-4288-9CAD-E5B005B2BDD7}"
EndProject
Project("{2150E333-8FDC-42A3-9474-1A3956D46DE8}") = "2. Application", "2. Application", "{F41793F5-5C74-455B-A2D4-039C2A42AAD5}"
EndProject
Project("{2150E333-8FDC-42A3-9474-1A3956D46DE8}") = "4. Infrastructure", "4. Infrastructure", "{4EBC00A5-BE8C-4CAB-9BA7-E9239DD26003}"
EndProject
Project("{2150E333-8FDC-42A3-9474-1A3956D46DE8}") = "Tests", "Tests", "{196D2122-F1B5-44B0-A099-C0A5923116A1}"
EndProject
Project("{FAE04EC0-301F-11D3-BF4B-00C04F79EFBC}") = "Bank.Application", "Bank.Application\Bank.Application.csproj", "{9BB99CE3-CE73-4F35-814E-7DA2993AA467}"
EndProject
Project("{FAE04EC0-301F-11D3-BF4B-00C04F79EFBC}") = "Bank.Domain", "Bank.Domain\Bank.Domain.csproj", "{D3D9FF93-1FE9-430C-88F7-80DEE0B30ED8}"
EndProject
Project("{FAE04EC0-301F-11D3-BF4B-00C04F79EFBC}") = "Bank.Infra.Data", "Bank.Infra.Data\Bank.Infra.Data.csproj", "{B567B537-D8A5-4711-BA1E-3E6AEB135C23}"
EndProject
Project("{FAE04EC0-301F-11D3-BF4B-00C04F79EFBC}") = "Bank.Infra", "Bank.Infra\Bank.Infra.csproj", "{F45B7933-013B-4917-8FE8-14649F2759DA}"
EndProject
Project("{FAE04EC0-301F-11D3-BF4B-00C04F79EFBC}") = "Bank.Common.Tests", "Bank.Common.Tests\Bank.Common.Tests.csproj", "{68288B92-5741-4ADD-9281-D4D3A1797A62}"
EndProject
Project("{2150E333-8FDC-42A3-9474-1A3956D46DE8}") = "1. Distributed Services", "1. Distributed Services", "{99A31E81-C278-431B-9A36-DED1851B3384}"
EndProject
Project("{FAE04EC0-301F-11D3-BF4B-00C04F79EFBC}") = "Bank.WebAPI", "Bank.WebAPI\Bank.WebAPI.csproj", "{719DACC2-7FD8-4C35-8647-C5E48ECFF866}"
EndProject
Project("{FAE04EC0-301F-11D3-BF4B-00C04F79EFBC}") = "Bank.Domain.Tests", "Bank.Domain.Tests\Bank.Domain.Tests.csproj", "{48E31972-D6DF-4F4D-A3FD-413BECAE8C91}"
EndProject
Project("{FAE04EC0-301F-11D3-BF4B-00C04F79EFBC}") = "Bank.Application.Tests", "Bank.Application.Tests\Bank.Application.Tests.csproj", "{2776FB8E-1172-4869-83FB-3A720DC5D619}"
EndProject
Project("{FAE04EC0-301F-11D3-BF4B-00C04F79EFBC}") = "Bank.Infra.Data.Tests", "Bank.Infra.Data.Tests\Bank.Infra.Data.Tests.csproj", "{BBF99919-4317-4981-ADFF-3D6526736532}"
EndProject
Project("{FAE04EC0-301F-11D3-BF4B-00C04F79EFBC}") = "Bank.Controller.Tests", "Bank.Controller.Tests\Bank.Controller.Tests.csproj", "{15FF5A8A-2E7C-436D-8A49-E6DCFA203C08}"
EndProject
Global
	GlobalSection(SolutionConfigurationPlatforms) = preSolution
		Debug|Any CPU = Debug|Any CPU
		Release|Any CPU = Release|Any CPU
	EndGlobalSection
	GlobalSection(ProjectConfigurationPlatforms) = postSolution
		{9BB99CE3-CE73-4F35-814E-7DA2993AA467}.Debug|Any CPU.ActiveCfg = Debug|Any CPU
		{9BB99CE3-CE73-4F35-814E-7DA2993AA467}.Debug|Any CPU.Build.0 = Debug|Any CPU
		{9BB99CE3-CE73-4F35-814E-7DA2993AA467}.Release|Any CPU.ActiveCfg = Release|Any CPU
		{9BB99CE3-CE73-4F35-814E-7DA2993AA467}.Release|Any CPU.Build.0 = Release|Any CPU
		{D3D9FF93-1FE9-430C-88F7-80DEE0B30ED8}.Debug|Any CPU.ActiveCfg = Debug|Any CPU
		{D3D9FF93-1FE9-430C-88F7-80DEE0B30ED8}.Debug|Any CPU.Build.0 = Debug|Any CPU
		{D3D9FF93-1FE9-430C-88F7-80DEE0B30ED8}.Release|Any CPU.ActiveCfg = Release|Any CPU
		{D3D9FF93-1FE9-430C-88F7-80DEE0B30ED8}.Release|Any CPU.Build.0 = Release|Any CPU
		{B567B537-D8A5-4711-BA1E-3E6AEB135C23}.Debug|Any CPU.ActiveCfg = Debug|Any CPU
		{B567B537-D8A5-4711-BA1E-3E6AEB135C23}.Debug|Any CPU.Build.0 = Debug|Any CPU
		{B567B537-D8A5-4711-BA1E-3E6AEB135C23}.Release|Any CPU.ActiveCfg = Release|Any CPU
		{B567B537-D8A5-4711-BA1E-3E6AEB135C23}.Release|Any CPU.Build.0 = Release|Any CPU
		{F45B7933-013B-4917-8FE8-14649F2759DA}.Debug|Any CPU.ActiveCfg = Debug|Any CPU
		{F45B7933-013B-4917-8FE8-14649F2759DA}.Debug|Any CPU.Build.0 = Debug|Any CPU
		{F45B7933-013B-4917-8FE8-14649F2759DA}.Release|Any CPU.ActiveCfg = Release|Any CPU
		{F45B7933-013B-4917-8FE8-14649F2759DA}.Release|Any CPU.Build.0 = Release|Any CPU
		{68288B92-5741-4ADD-9281-D4D3A1797A62}.Debug|Any CPU.ActiveCfg = Debug|Any CPU
		{68288B92-5741-4ADD-9281-D4D3A1797A62}.Debug|Any CPU.Build.0 = Debug|Any CPU
		{68288B92-5741-4ADD-9281-D4D3A1797A62}.Release|Any CPU.ActiveCfg = Release|Any CPU
		{68288B92-5741-4ADD-9281-D4D3A1797A62}.Release|Any CPU.Build.0 = Release|Any CPU
		{719DACC2-7FD8-4C35-8647-C5E48ECFF866}.Debug|Any CPU.ActiveCfg = Debug|Any CPU
		{719DACC2-7FD8-4C35-8647-C5E48ECFF866}.Debug|Any CPU.Build.0 = Debug|Any CPU
		{719DACC2-7FD8-4C35-8647-C5E48ECFF866}.Release|Any CPU.ActiveCfg = Release|Any CPU
		{719DACC2-7FD8-4C35-8647-C5E48ECFF866}.Release|Any CPU.Build.0 = Release|Any CPU
		{48E31972-D6DF-4F4D-A3FD-413BECAE8C91}.Debug|Any CPU.ActiveCfg = Debug|Any CPU
		{48E31972-D6DF-4F4D-A3FD-413BECAE8C91}.Debug|Any CPU.Build.0 = Debug|Any CPU
		{48E31972-D6DF-4F4D-A3FD-413BECAE8C91}.Release|Any CPU.ActiveCfg = Release|Any CPU
		{48E31972-D6DF-4F4D-A3FD-413BECAE8C91}.Release|Any CPU.Build.0 = Release|Any CPU
		{2776FB8E-1172-4869-83FB-3A720DC5D619}.Debug|Any CPU.ActiveCfg = Debug|Any CPU
		{2776FB8E-1172-4869-83FB-3A720DC5D619}.Debug|Any CPU.Build.0 = Debug|Any CPU
		{2776FB8E-1172-4869-83FB-3A720DC5D619}.Release|Any CPU.ActiveCfg = Release|Any CPU
		{2776FB8E-1172-4869-83FB-3A720DC5D619}.Release|Any CPU.Build.0 = Release|Any CPU
		{BBF99919-4317-4981-ADFF-3D6526736532}.Debug|Any CPU.ActiveCfg = Debug|Any CPU
		{BBF99919-4317-4981-ADFF-3D6526736532}.Debug|Any CPU.Build.0 = Debug|Any CPU
		{BBF99919-4317-4981-ADFF-3D6526736532}.Release|Any CPU.ActiveCfg = Release|Any CPU
		{BBF99919-4317-4981-ADFF-3D6526736532}.Release|Any CPU.Build.0 = Release|Any CPU
		{15FF5A8A-2E7C-436D-8A49-E6DCFA203C08}.Debug|Any CPU.ActiveCfg = Debug|Any CPU
		{15FF5A8A-2E7C-436D-8A49-E6DCFA203C08}.Debug|Any CPU.Build.0 = Debug|Any CPU
		{15FF5A8A-2E7C-436D-8A49-E6DCFA203C08}.Release|Any CPU.ActiveCfg = Release|Any CPU
		{15FF5A8A-2E7C-436D-8A49-E6DCFA203C08}.Release|Any CPU.Build.0 = Release|Any CPU
	EndGlobalSection
	GlobalSection(SolutionProperties) = preSolution
		HideSolutionNode = FALSE
	EndGlobalSection
	GlobalSection(NestedProjects) = preSolution
		{9BB99CE3-CE73-4F35-814E-7DA2993AA467} = {F41793F5-5C74-455B-A2D4-039C2A42AAD5}
		{D3D9FF93-1FE9-430C-88F7-80DEE0B30ED8} = {DBC8C222-BE52-4288-9CAD-E5B005B2BDD7}
		{B567B537-D8A5-4711-BA1E-3E6AEB135C23} = {4EBC00A5-BE8C-4CAB-9BA7-E9239DD26003}
		{F45B7933-013B-4917-8FE8-14649F2759DA} = {4EBC00A5-BE8C-4CAB-9BA7-E9239DD26003}
		{68288B92-5741-4ADD-9281-D4D3A1797A62} = {196D2122-F1B5-44B0-A099-C0A5923116A1}
		{719DACC2-7FD8-4C35-8647-C5E48ECFF866} = {99A31E81-C278-431B-9A36-DED1851B3384}
		{48E31972-D6DF-4F4D-A3FD-413BECAE8C91} = {196D2122-F1B5-44B0-A099-C0A5923116A1}
		{2776FB8E-1172-4869-83FB-3A720DC5D619} = {196D2122-F1B5-44B0-A099-C0A5923116A1}
		{BBF99919-4317-4981-ADFF-3D6526736532} = {196D2122-F1B5-44B0-A099-C0A5923116A1}
		{15FF5A8A-2E7C-436D-8A49-E6DCFA203C08} = {196D2122-F1B5-44B0-A099-C0A5923116A1}
	EndGlobalSection
	GlobalSection(ExtensibilityGlobals) = postSolution
		SolutionGuid = {EC5766D3-ECC8-4ACE-9B4B-021CB4C87EEA}
	EndGlobalSection
EndGlobal
