
Microsoft Visual Studio Solution File, Format Version 12.00
# Visual Studio 15
VisualStudioVersion = 15.0.27703.2018
MinimumVisualStudioVersion = 10.0.40219.1
Project("{FAE04EC0-301F-11D3-BF4B-00C04F79EFBC}") = "NFe.Dominio", "NFe.Dominio\NFe.Dominio.csproj", "{6D33C628-03FA-4F04-AB74-54DFD123547A}"
EndProject
Project("{2150E333-8FDC-42A3-9474-1A3956D46DE8}") = "3. Dominio", "3. Dominio", "{1ADCEA24-315A-4BAD-8C19-AA17BFDCD59A}"
EndProject
Project("{2150E333-8FDC-42A3-9474-1A3956D46DE8}") = "2. Aplicacao", "2. Aplicacao", "{A9EF7495-39D1-4154-A1FF-9D956353B6F9}"
EndProject
Project("{2150E333-8FDC-42A3-9474-1A3956D46DE8}") = "4. Infraestrutura", "4. Infraestrutura", "{D03F22FB-9FED-4018-914D-EC0E8FA52B53}"
EndProject
Project("{2150E333-8FDC-42A3-9474-1A3956D46DE8}") = "1. Apresentacao", "1. Apresentacao", "{772AE3FE-EFC4-426F-901B-6416754EF8DA}"
EndProject
Project("{2150E333-8FDC-42A3-9474-1A3956D46DE8}") = "5. Banco de Dados", "5. Banco de Dados", "{9785347E-B8B3-4C13-B7DC-38B8C576288C}"
EndProject
Project("{2150E333-8FDC-42A3-9474-1A3956D46DE8}") = "Testes", "Testes", "{39C9804F-8997-42B6-9781-F3B204427440}"
EndProject
Project("{FAE04EC0-301F-11D3-BF4B-00C04F79EFBC}") = "NFe.Aplicacao", "NFe.Aplicacao\NFe.Aplicacao.csproj", "{0654CBAE-329C-43EA-ACD0-95D44192A686}"
EndProject
Project("{FAE04EC0-301F-11D3-BF4B-00C04F79EFBC}") = "NFe.Infra", "NFe.Infra\NFe.Infra.csproj", "{1B05E72B-D3A6-4E4B-BF27-926B3B776504}"
EndProject
Project("{FAE04EC0-301F-11D3-BF4B-00C04F79EFBC}") = "NFe.Infra.Data", "NFe.Infra.Data\NFe.Infra.Data.csproj", "{D8520037-1FCD-4FEB-BC6D-063B636A7B9A}"
EndProject
Project("{FAE04EC0-301F-11D3-BF4B-00C04F79EFBC}") = "NFe.Infra.XML", "NFe.Infra.XML\NFe.Infra.XML.csproj", "{0D1AF0A1-D6D7-46E0-823B-8C3484CA9259}"
EndProject
Project("{FAE04EC0-301F-11D3-BF4B-00C04F79EFBC}") = "NFe.Infra.PDF", "NFe.Infra.PDF\NFe.Infra.PDF.csproj", "{BF440C81-E15D-4ADA-939A-32DFEBBDB3CC}"
EndProject
Project("{00D1A9C2-B5F0-4AF3-8072-F6C62B433612}") = "NFe.Database", "NFe.Database\NFe.Database.sqlproj", "{0D4EC588-C7C3-4BB3-A8E8-8AD51B57AFE0}"
EndProject
Project("{FAE04EC0-301F-11D3-BF4B-00C04F79EFBC}") = "NFe.Aplicacao.Testes", "NFe.Aplicacao.Testes\NFe.Aplicacao.Testes.csproj", "{44DC4516-A826-42FB-A78F-571B8DE7C346}"
EndProject
Project("{FAE04EC0-301F-11D3-BF4B-00C04F79EFBC}") = "NFe.Dominio.Testes", "NFe.Dominio.Testes\NFe.Dominio.Testes.csproj", "{130A69CB-EBF1-4D86-B879-A5FA02C612DD}"
EndProject
Project("{FAE04EC0-301F-11D3-BF4B-00C04F79EFBC}") = "NFe.Infra.Testes", "NFe.Infra.Testes\NFe.Infra.Testes.csproj", "{1CF473DC-3A18-4224-84D9-FFE8D499669F}"
EndProject
Project("{FAE04EC0-301F-11D3-BF4B-00C04F79EFBC}") = "NFe.Infra.Data.Testes", "NFe.Infra.Data.Testes\NFe.Infra.Data.Testes.csproj", "{683604A0-A279-42EF-8F05-53CCA8171892}"
EndProject
Project("{FAE04EC0-301F-11D3-BF4B-00C04F79EFBC}") = "NFe.Infra.PDF.Testes", "NFe.Infra.PDF.Testes\NFe.Infra.PDF.Testes.csproj", "{AB0512ED-4297-4E9A-96BC-3CE838AAA888}"
EndProject
Project("{FAE04EC0-301F-11D3-BF4B-00C04F79EFBC}") = "NFe.Infra.XML.Testes", "NFe.Infra.XML.Testes\NFe.Infra.XML.Testes.csproj", "{070A7D08-3768-4B61-9C5E-9A54E1476D4F}"
EndProject
Project("{FAE04EC0-301F-11D3-BF4B-00C04F79EFBC}") = "NFe.Common.Testes", "NFe.Common.Testes\NFe.Common.Testes.csproj", "{69013159-7696-44AB-AAB8-F016A8EFF270}"
EndProject
Project("{FAE04EC0-301F-11D3-BF4B-00C04F79EFBC}") = "NFe.Intregacao.Sistema.Testes", "NFe.Intregacao.Sistema.Testes\NFe.Intregacao.Sistema.Testes.csproj", "{AFB45744-B639-40D0-97FC-95E07C721D3C}"
EndProject
Global
	GlobalSection(SolutionConfigurationPlatforms) = preSolution
		Debug|Any CPU = Debug|Any CPU
		Release|Any CPU = Release|Any CPU
	EndGlobalSection
	GlobalSection(ProjectConfigurationPlatforms) = postSolution
		{6D33C628-03FA-4F04-AB74-54DFD123547A}.Debug|Any CPU.ActiveCfg = Debug|Any CPU
		{6D33C628-03FA-4F04-AB74-54DFD123547A}.Debug|Any CPU.Build.0 = Debug|Any CPU
		{6D33C628-03FA-4F04-AB74-54DFD123547A}.Release|Any CPU.ActiveCfg = Release|Any CPU
		{6D33C628-03FA-4F04-AB74-54DFD123547A}.Release|Any CPU.Build.0 = Release|Any CPU
		{0654CBAE-329C-43EA-ACD0-95D44192A686}.Debug|Any CPU.ActiveCfg = Debug|Any CPU
		{0654CBAE-329C-43EA-ACD0-95D44192A686}.Debug|Any CPU.Build.0 = Debug|Any CPU
		{0654CBAE-329C-43EA-ACD0-95D44192A686}.Release|Any CPU.ActiveCfg = Release|Any CPU
		{0654CBAE-329C-43EA-ACD0-95D44192A686}.Release|Any CPU.Build.0 = Release|Any CPU
		{1B05E72B-D3A6-4E4B-BF27-926B3B776504}.Debug|Any CPU.ActiveCfg = Debug|Any CPU
		{1B05E72B-D3A6-4E4B-BF27-926B3B776504}.Debug|Any CPU.Build.0 = Debug|Any CPU
		{1B05E72B-D3A6-4E4B-BF27-926B3B776504}.Release|Any CPU.ActiveCfg = Release|Any CPU
		{1B05E72B-D3A6-4E4B-BF27-926B3B776504}.Release|Any CPU.Build.0 = Release|Any CPU
		{D8520037-1FCD-4FEB-BC6D-063B636A7B9A}.Debug|Any CPU.ActiveCfg = Debug|Any CPU
		{D8520037-1FCD-4FEB-BC6D-063B636A7B9A}.Debug|Any CPU.Build.0 = Debug|Any CPU
		{D8520037-1FCD-4FEB-BC6D-063B636A7B9A}.Release|Any CPU.ActiveCfg = Release|Any CPU
		{D8520037-1FCD-4FEB-BC6D-063B636A7B9A}.Release|Any CPU.Build.0 = Release|Any CPU
		{0D1AF0A1-D6D7-46E0-823B-8C3484CA9259}.Debug|Any CPU.ActiveCfg = Debug|Any CPU
		{0D1AF0A1-D6D7-46E0-823B-8C3484CA9259}.Debug|Any CPU.Build.0 = Debug|Any CPU
		{0D1AF0A1-D6D7-46E0-823B-8C3484CA9259}.Release|Any CPU.ActiveCfg = Release|Any CPU
		{0D1AF0A1-D6D7-46E0-823B-8C3484CA9259}.Release|Any CPU.Build.0 = Release|Any CPU
		{BF440C81-E15D-4ADA-939A-32DFEBBDB3CC}.Debug|Any CPU.ActiveCfg = Debug|Any CPU
		{BF440C81-E15D-4ADA-939A-32DFEBBDB3CC}.Debug|Any CPU.Build.0 = Debug|Any CPU
		{BF440C81-E15D-4ADA-939A-32DFEBBDB3CC}.Release|Any CPU.ActiveCfg = Release|Any CPU
		{BF440C81-E15D-4ADA-939A-32DFEBBDB3CC}.Release|Any CPU.Build.0 = Release|Any CPU
		{0D4EC588-C7C3-4BB3-A8E8-8AD51B57AFE0}.Debug|Any CPU.ActiveCfg = Debug|Any CPU
		{0D4EC588-C7C3-4BB3-A8E8-8AD51B57AFE0}.Debug|Any CPU.Build.0 = Debug|Any CPU
		{0D4EC588-C7C3-4BB3-A8E8-8AD51B57AFE0}.Debug|Any CPU.Deploy.0 = Debug|Any CPU
		{0D4EC588-C7C3-4BB3-A8E8-8AD51B57AFE0}.Release|Any CPU.ActiveCfg = Release|Any CPU
		{0D4EC588-C7C3-4BB3-A8E8-8AD51B57AFE0}.Release|Any CPU.Build.0 = Release|Any CPU
		{0D4EC588-C7C3-4BB3-A8E8-8AD51B57AFE0}.Release|Any CPU.Deploy.0 = Release|Any CPU
		{44DC4516-A826-42FB-A78F-571B8DE7C346}.Debug|Any CPU.ActiveCfg = Debug|Any CPU
		{44DC4516-A826-42FB-A78F-571B8DE7C346}.Debug|Any CPU.Build.0 = Debug|Any CPU
		{44DC4516-A826-42FB-A78F-571B8DE7C346}.Release|Any CPU.ActiveCfg = Release|Any CPU
		{44DC4516-A826-42FB-A78F-571B8DE7C346}.Release|Any CPU.Build.0 = Release|Any CPU
		{130A69CB-EBF1-4D86-B879-A5FA02C612DD}.Debug|Any CPU.ActiveCfg = Debug|Any CPU
		{130A69CB-EBF1-4D86-B879-A5FA02C612DD}.Debug|Any CPU.Build.0 = Debug|Any CPU
		{130A69CB-EBF1-4D86-B879-A5FA02C612DD}.Release|Any CPU.ActiveCfg = Release|Any CPU
		{130A69CB-EBF1-4D86-B879-A5FA02C612DD}.Release|Any CPU.Build.0 = Release|Any CPU
		{1CF473DC-3A18-4224-84D9-FFE8D499669F}.Debug|Any CPU.ActiveCfg = Debug|Any CPU
		{1CF473DC-3A18-4224-84D9-FFE8D499669F}.Debug|Any CPU.Build.0 = Debug|Any CPU
		{1CF473DC-3A18-4224-84D9-FFE8D499669F}.Release|Any CPU.ActiveCfg = Release|Any CPU
		{1CF473DC-3A18-4224-84D9-FFE8D499669F}.Release|Any CPU.Build.0 = Release|Any CPU
		{683604A0-A279-42EF-8F05-53CCA8171892}.Debug|Any CPU.ActiveCfg = Debug|Any CPU
		{683604A0-A279-42EF-8F05-53CCA8171892}.Debug|Any CPU.Build.0 = Debug|Any CPU
		{683604A0-A279-42EF-8F05-53CCA8171892}.Release|Any CPU.ActiveCfg = Release|Any CPU
		{683604A0-A279-42EF-8F05-53CCA8171892}.Release|Any CPU.Build.0 = Release|Any CPU
		{AB0512ED-4297-4E9A-96BC-3CE838AAA888}.Debug|Any CPU.ActiveCfg = Debug|Any CPU
		{AB0512ED-4297-4E9A-96BC-3CE838AAA888}.Debug|Any CPU.Build.0 = Debug|Any CPU
		{AB0512ED-4297-4E9A-96BC-3CE838AAA888}.Release|Any CPU.ActiveCfg = Release|Any CPU
		{AB0512ED-4297-4E9A-96BC-3CE838AAA888}.Release|Any CPU.Build.0 = Release|Any CPU
		{070A7D08-3768-4B61-9C5E-9A54E1476D4F}.Debug|Any CPU.ActiveCfg = Debug|Any CPU
		{070A7D08-3768-4B61-9C5E-9A54E1476D4F}.Debug|Any CPU.Build.0 = Debug|Any CPU
		{070A7D08-3768-4B61-9C5E-9A54E1476D4F}.Release|Any CPU.ActiveCfg = Release|Any CPU
		{070A7D08-3768-4B61-9C5E-9A54E1476D4F}.Release|Any CPU.Build.0 = Release|Any CPU
		{69013159-7696-44AB-AAB8-F016A8EFF270}.Debug|Any CPU.ActiveCfg = Debug|Any CPU
		{69013159-7696-44AB-AAB8-F016A8EFF270}.Debug|Any CPU.Build.0 = Debug|Any CPU
		{69013159-7696-44AB-AAB8-F016A8EFF270}.Release|Any CPU.ActiveCfg = Release|Any CPU
		{69013159-7696-44AB-AAB8-F016A8EFF270}.Release|Any CPU.Build.0 = Release|Any CPU
		{AFB45744-B639-40D0-97FC-95E07C721D3C}.Debug|Any CPU.ActiveCfg = Debug|Any CPU
		{AFB45744-B639-40D0-97FC-95E07C721D3C}.Debug|Any CPU.Build.0 = Debug|Any CPU
		{AFB45744-B639-40D0-97FC-95E07C721D3C}.Release|Any CPU.ActiveCfg = Release|Any CPU
		{AFB45744-B639-40D0-97FC-95E07C721D3C}.Release|Any CPU.Build.0 = Release|Any CPU
	EndGlobalSection
	GlobalSection(SolutionProperties) = preSolution
		HideSolutionNode = FALSE
	EndGlobalSection
	GlobalSection(NestedProjects) = preSolution
		{6D33C628-03FA-4F04-AB74-54DFD123547A} = {1ADCEA24-315A-4BAD-8C19-AA17BFDCD59A}
		{0654CBAE-329C-43EA-ACD0-95D44192A686} = {A9EF7495-39D1-4154-A1FF-9D956353B6F9}
		{1B05E72B-D3A6-4E4B-BF27-926B3B776504} = {D03F22FB-9FED-4018-914D-EC0E8FA52B53}
		{D8520037-1FCD-4FEB-BC6D-063B636A7B9A} = {D03F22FB-9FED-4018-914D-EC0E8FA52B53}
		{0D1AF0A1-D6D7-46E0-823B-8C3484CA9259} = {D03F22FB-9FED-4018-914D-EC0E8FA52B53}
		{BF440C81-E15D-4ADA-939A-32DFEBBDB3CC} = {D03F22FB-9FED-4018-914D-EC0E8FA52B53}
		{0D4EC588-C7C3-4BB3-A8E8-8AD51B57AFE0} = {9785347E-B8B3-4C13-B7DC-38B8C576288C}
		{44DC4516-A826-42FB-A78F-571B8DE7C346} = {39C9804F-8997-42B6-9781-F3B204427440}
		{130A69CB-EBF1-4D86-B879-A5FA02C612DD} = {39C9804F-8997-42B6-9781-F3B204427440}
		{1CF473DC-3A18-4224-84D9-FFE8D499669F} = {39C9804F-8997-42B6-9781-F3B204427440}
		{683604A0-A279-42EF-8F05-53CCA8171892} = {39C9804F-8997-42B6-9781-F3B204427440}
		{AB0512ED-4297-4E9A-96BC-3CE838AAA888} = {39C9804F-8997-42B6-9781-F3B204427440}
		{070A7D08-3768-4B61-9C5E-9A54E1476D4F} = {39C9804F-8997-42B6-9781-F3B204427440}
		{69013159-7696-44AB-AAB8-F016A8EFF270} = {39C9804F-8997-42B6-9781-F3B204427440}
		{AFB45744-B639-40D0-97FC-95E07C721D3C} = {39C9804F-8997-42B6-9781-F3B204427440}
	EndGlobalSection
	GlobalSection(ExtensibilityGlobals) = postSolution
		SolutionGuid = {28A52974-ADEC-46BD-8F7E-A9F4B0A63AFE}
	EndGlobalSection
EndGlobal
