
Microsoft Visual Studio Solution File, Format Version 12.00
# Visual Studio 15
VisualStudioVersion = 15.0.26403.7
MinimumVisualStudioVersion = 10.0.40219.1
Project("{FAE04EC0-301F-11D3-BF4B-00C04F79EFBC}") = "Mariana.WinApp", "Mariana.WinApp\Mariana.WinApp.csproj", "{DE08C4BD-312E-452F-AAE2-29E56F7ACDD6}"
EndProject
Project("{FAE04EC0-301F-11D3-BF4B-00C04F79EFBC}") = "Mariana.Aplicacao", "Mariana.Aplicacao\Mariana.Aplicacao.csproj", "{1F7ACCB5-A039-4623-BA8C-494EA8FA034A}"
EndProject
Project("{FAE04EC0-301F-11D3-BF4B-00C04F79EFBC}") = "Mariana.Dominio", "Mariana.Dominio\Mariana.Dominio.csproj", "{989E8FF5-4980-4592-81F5-9239A23F88CC}"
EndProject
Project("{2150E333-8FDC-42A3-9474-1A3956D46DE8}") = "1. Apresentacao", "1. Apresentacao", "{601DE91C-4B8A-4C75-A659-B9FAA73D24AD}"
EndProject
Project("{2150E333-8FDC-42A3-9474-1A3956D46DE8}") = "2. Aplicacao", "2. Aplicacao", "{F10DF10B-BFF8-4F23-A512-9C2C02ED5706}"
EndProject
Project("{2150E333-8FDC-42A3-9474-1A3956D46DE8}") = "3. Dominio", "3. Dominio", "{C33058B9-F4CA-40E2-8DA5-24CD98DCDB66}"
EndProject
Project("{2150E333-8FDC-42A3-9474-1A3956D46DE8}") = "4. Infra", "4. Infra", "{07AB58F5-39F5-44A2-8FE9-841C47BC07D7}"
EndProject
Project("{FAE04EC0-301F-11D3-BF4B-00C04F79EFBC}") = "Mariana.Infra", "Mariana.Infra\Mariana.Infra.csproj", "{A15D6653-1DF8-47E1-81CC-582E24DD207C}"
EndProject
Project("{FAE04EC0-301F-11D3-BF4B-00C04F79EFBC}") = "Mariana.Infra.Data", "Mariana.Infra.Data\Mariana.Infra.Data.csproj", "{D07C7CD3-DA1E-479A-A9DB-6A55ADBAA4CA}"
EndProject
Project("{2150E333-8FDC-42A3-9474-1A3956D46DE8}") = "5. DataBase", "5. DataBase", "{C1E59C1F-98DA-4AFD-BF4A-AAC7A3B4EA0E}"
EndProject
Project("{00D1A9C2-B5F0-4AF3-8072-F6C62B433612}") = "DBMariana", "DBMariana\DBMariana.sqlproj", "{6061B82D-8B5A-4482-BCF0-3B19F437E521}"
EndProject
Project("{2150E333-8FDC-42A3-9474-1A3956D46DE8}") = "6. Testes Unitários", "6. Testes Unitários", "{50E9FDA6-2597-4F4F-B6F5-AF220B93D892}"
EndProject
Project("{FAE04EC0-301F-11D3-BF4B-00C04F79EFBC}") = "DomainUnitTest", "SerieUnitTest\DomainUnitTest.csproj", "{548F7DE6-3EF8-4747-9938-25CBE8BCDFFB}"
EndProject
Project("{2150E333-8FDC-42A3-9474-1A3956D46DE8}") = "Domain", "Domain", "{3EE53EF7-0FD8-498D-A5FD-48F60EE9C6A7}"
EndProject
Global
	GlobalSection(SolutionConfigurationPlatforms) = preSolution
		Debug|Any CPU = Debug|Any CPU
		Release|Any CPU = Release|Any CPU
	EndGlobalSection
	GlobalSection(ProjectConfigurationPlatforms) = postSolution
		{DE08C4BD-312E-452F-AAE2-29E56F7ACDD6}.Debug|Any CPU.ActiveCfg = Debug|Any CPU
		{DE08C4BD-312E-452F-AAE2-29E56F7ACDD6}.Debug|Any CPU.Build.0 = Debug|Any CPU
		{DE08C4BD-312E-452F-AAE2-29E56F7ACDD6}.Release|Any CPU.ActiveCfg = Release|Any CPU
		{DE08C4BD-312E-452F-AAE2-29E56F7ACDD6}.Release|Any CPU.Build.0 = Release|Any CPU
		{1F7ACCB5-A039-4623-BA8C-494EA8FA034A}.Debug|Any CPU.ActiveCfg = Debug|Any CPU
		{1F7ACCB5-A039-4623-BA8C-494EA8FA034A}.Debug|Any CPU.Build.0 = Debug|Any CPU
		{1F7ACCB5-A039-4623-BA8C-494EA8FA034A}.Release|Any CPU.ActiveCfg = Release|Any CPU
		{1F7ACCB5-A039-4623-BA8C-494EA8FA034A}.Release|Any CPU.Build.0 = Release|Any CPU
		{989E8FF5-4980-4592-81F5-9239A23F88CC}.Debug|Any CPU.ActiveCfg = Debug|Any CPU
		{989E8FF5-4980-4592-81F5-9239A23F88CC}.Debug|Any CPU.Build.0 = Debug|Any CPU
		{989E8FF5-4980-4592-81F5-9239A23F88CC}.Release|Any CPU.ActiveCfg = Release|Any CPU
		{989E8FF5-4980-4592-81F5-9239A23F88CC}.Release|Any CPU.Build.0 = Release|Any CPU
		{A15D6653-1DF8-47E1-81CC-582E24DD207C}.Debug|Any CPU.ActiveCfg = Debug|Any CPU
		{A15D6653-1DF8-47E1-81CC-582E24DD207C}.Debug|Any CPU.Build.0 = Debug|Any CPU
		{A15D6653-1DF8-47E1-81CC-582E24DD207C}.Release|Any CPU.ActiveCfg = Release|Any CPU
		{A15D6653-1DF8-47E1-81CC-582E24DD207C}.Release|Any CPU.Build.0 = Release|Any CPU
		{D07C7CD3-DA1E-479A-A9DB-6A55ADBAA4CA}.Debug|Any CPU.ActiveCfg = Debug|Any CPU
		{D07C7CD3-DA1E-479A-A9DB-6A55ADBAA4CA}.Debug|Any CPU.Build.0 = Debug|Any CPU
		{D07C7CD3-DA1E-479A-A9DB-6A55ADBAA4CA}.Release|Any CPU.ActiveCfg = Release|Any CPU
		{D07C7CD3-DA1E-479A-A9DB-6A55ADBAA4CA}.Release|Any CPU.Build.0 = Release|Any CPU
		{6061B82D-8B5A-4482-BCF0-3B19F437E521}.Debug|Any CPU.ActiveCfg = Debug|Any CPU
		{6061B82D-8B5A-4482-BCF0-3B19F437E521}.Debug|Any CPU.Build.0 = Debug|Any CPU
		{6061B82D-8B5A-4482-BCF0-3B19F437E521}.Debug|Any CPU.Deploy.0 = Debug|Any CPU
		{6061B82D-8B5A-4482-BCF0-3B19F437E521}.Release|Any CPU.ActiveCfg = Release|Any CPU
		{6061B82D-8B5A-4482-BCF0-3B19F437E521}.Release|Any CPU.Build.0 = Release|Any CPU
		{6061B82D-8B5A-4482-BCF0-3B19F437E521}.Release|Any CPU.Deploy.0 = Release|Any CPU
		{548F7DE6-3EF8-4747-9938-25CBE8BCDFFB}.Debug|Any CPU.ActiveCfg = Debug|Any CPU
		{548F7DE6-3EF8-4747-9938-25CBE8BCDFFB}.Debug|Any CPU.Build.0 = Debug|Any CPU
		{548F7DE6-3EF8-4747-9938-25CBE8BCDFFB}.Release|Any CPU.ActiveCfg = Release|Any CPU
		{548F7DE6-3EF8-4747-9938-25CBE8BCDFFB}.Release|Any CPU.Build.0 = Release|Any CPU
	EndGlobalSection
	GlobalSection(SolutionProperties) = preSolution
		HideSolutionNode = FALSE
	EndGlobalSection
	GlobalSection(NestedProjects) = preSolution
		{DE08C4BD-312E-452F-AAE2-29E56F7ACDD6} = {601DE91C-4B8A-4C75-A659-B9FAA73D24AD}
		{1F7ACCB5-A039-4623-BA8C-494EA8FA034A} = {F10DF10B-BFF8-4F23-A512-9C2C02ED5706}
		{989E8FF5-4980-4592-81F5-9239A23F88CC} = {C33058B9-F4CA-40E2-8DA5-24CD98DCDB66}
		{A15D6653-1DF8-47E1-81CC-582E24DD207C} = {07AB58F5-39F5-44A2-8FE9-841C47BC07D7}
		{D07C7CD3-DA1E-479A-A9DB-6A55ADBAA4CA} = {07AB58F5-39F5-44A2-8FE9-841C47BC07D7}
		{6061B82D-8B5A-4482-BCF0-3B19F437E521} = {C1E59C1F-98DA-4AFD-BF4A-AAC7A3B4EA0E}
		{548F7DE6-3EF8-4747-9938-25CBE8BCDFFB} = {3EE53EF7-0FD8-498D-A5FD-48F60EE9C6A7}
		{3EE53EF7-0FD8-498D-A5FD-48F60EE9C6A7} = {50E9FDA6-2597-4F4F-B6F5-AF220B93D892}
	EndGlobalSection
	GlobalSection(ExtensibilityGlobals) = postSolution
		SolutionGuid = {B18462ED-8D78-4AE5-A8D3-0C3BC4D2EED4}
	EndGlobalSection
EndGlobal
